
Microsoft Visual Studio Solution File, Format Version 12.00
# Visual Studio 2012
Project("{2150E333-8FDC-42A3-9474-1A3956D46DE8}") = "Reference", "Reference", "{7B514773-CC7A-498B-8B49-D3FEC8171E84}"
	ProjectSection(SolutionItems) = preProject
		Reference\DevExpress.BonusSkins.v9.3.dll = Reference\DevExpress.BonusSkins.v9.3.dll
		Reference\DevExpress.Charts.v9.3.Core.dll = Reference\DevExpress.Charts.v9.3.Core.dll
		Reference\DevExpress.Data.v9.3.dll = Reference\DevExpress.Data.v9.3.dll
		Reference\DevExpress.Utils.v9.3.dll = Reference\DevExpress.Utils.v9.3.dll
		Reference\DevExpress.Xpo.v9.3.dll = Reference\DevExpress.Xpo.v9.3.dll
		Reference\DevExpress.XtraBars.v9.3.Design.dll = Reference\DevExpress.XtraBars.v9.3.Design.dll
		Reference\DevExpress.XtraBars.v9.3.dll = Reference\DevExpress.XtraBars.v9.3.dll
		Reference\DevExpress.XtraCharts.v9.3.dll = Reference\DevExpress.XtraCharts.v9.3.dll
		Reference\DevExpress.XtraCharts.v9.3.UI.dll = Reference\DevExpress.XtraCharts.v9.3.UI.dll
		Reference\DevExpress.XtraEditors.v9.3.dll = Reference\DevExpress.XtraEditors.v9.3.dll
		Reference\DevExpress.XtraGrid.v9.3.dll = Reference\DevExpress.XtraGrid.v9.3.dll
		Reference\DevExpress.XtraLayout.v9.3.dll = Reference\DevExpress.XtraLayout.v9.3.dll
		Reference\DevExpress.XtraNavBar.v9.3.dll = Reference\DevExpress.XtraNavBar.v9.3.dll
		Reference\DevExpress.XtraPivotGrid.v9.3.Core.dll = Reference\DevExpress.XtraPivotGrid.v9.3.Core.dll
		Reference\DevExpress.XtraPivotGrid.v9.3.dll = Reference\DevExpress.XtraPivotGrid.v9.3.dll
		Reference\DevExpress.XtraPrinting.v9.3.dll = Reference\DevExpress.XtraPrinting.v9.3.dll
		Reference\DevExpress.XtraReports.v9.3.dll = Reference\DevExpress.XtraReports.v9.3.dll
		Reference\DevExpress.XtraRichEdit.v9.3.dll = Reference\DevExpress.XtraRichEdit.v9.3.dll
		Reference\DevExpress.XtraScheduler.v9.3.Core.dll = Reference\DevExpress.XtraScheduler.v9.3.Core.dll
		Reference\DevExpress.XtraScheduler.v9.3.dll = Reference\DevExpress.XtraScheduler.v9.3.dll
		Reference\DevExpress.XtraSpellChecker.v9.3.Core.dll = Reference\DevExpress.XtraSpellChecker.v9.3.Core.dll
		Reference\DevExpress.XtraTreeList.v9.3.dll = Reference\DevExpress.XtraTreeList.v9.3.dll
		Reference\DevExpress.XtraVerticalGrid.v9.3.dll = Reference\DevExpress.XtraVerticalGrid.v9.3.dll
		Reference\DevExpress.XtraWizard.v9.3.dll = Reference\DevExpress.XtraWizard.v9.3.dll
		Reference\GOLDSOFT.SERVICES.IServicesObject.dll = Reference\GOLDSOFT.SERVICES.IServicesObject.dll
		Reference\GSoft.Communications.dll = Reference\GSoft.Communications.dll
		Reference\living1.dll = Reference\living1.dll
		Reference\Newtonsoft.Json.dll = Reference\Newtonsoft.Json.dll
		Reference\QD_API.dll = Reference\QD_API.dll
		Reference\ZiboSoft.Commons.dll = Reference\ZiboSoft.Commons.dll
		Reference\ZiboSoft.DataAccess.dll = Reference\ZiboSoft.DataAccess.dll
	EndProjectSection
EndProject
Project("{FAE04EC0-301F-11D3-BF4B-00C04F79EFBC}") = "JJRJ_ERP_QDJJ", "JJRJ_ERP_QDJJ\JJRJ_ERP_QDJJ.csproj", "{FECEEB6D-9E12-44A5-827C-31F81EAD022A}"
EndProject
Project("{FAE04EC0-301F-11D3-BF4B-00C04F79EFBC}") = "GOLDSOFT.QDJJ.COMMONS", "Commons\GOLDSOFT.QDJJ.COMMONS.csproj", "{277E16F1-C607-49E4-BE7E-E578669C2DFE}"
EndProject
Project("{FAE04EC0-301F-11D3-BF4B-00C04F79EFBC}") = "JJRJ_USER_CTRL", "JJRJ_USER_CTRL\JJRJ_USER_CTRL.csproj", "{DB5CA939-57D8-48FB-B86D-649473EC0D4E}"
EndProject
Project("{FAE04EC0-301F-11D3-BF4B-00C04F79EFBC}") = "GOLDSOFT.QDJJ.DATA", "GOLDSOFT.QDJJ.DATA\GOLDSOFT.QDJJ.DATA.csproj", "{80D88B3A-D915-4AD5-A92B-B7E60448C09E}"
EndProject
Project("{FAE04EC0-301F-11D3-BF4B-00C04F79EFBC}") = "GLODSOFT.QDJJ.BUSINESS", "GLODSOFT.QDJJ.BUSINESS\GLODSOFT.QDJJ.BUSINESS.csproj", "{C29BBFAD-A884-4711-A652-09B2C9B90CEA}"
EndProject
Project("{FAE04EC0-301F-11D3-BF4B-00C04F79EFBC}") = "GOLDSOFT.SERVER", "GOLDSOFT.SERVER\GOLDSOFT.SERVER\GOLDSOFT.SERVER.csproj", "{D05743BB-7D5D-4D7C-A455-3BF2A974A0E6}"
EndProject
Project("{FAE04EC0-301F-11D3-BF4B-00C04F79EFBC}") = "InstallService", "InstallService\InstallService.csproj", "{FB833EE6-4CF0-4649-8B7C-173C29148987}"
EndProject
Project("{FAE04EC0-301F-11D3-BF4B-00C04F79EFBC}") = "Bidserver", "Bidserver\Bidserver.csproj", "{4FB70EA6-9CD9-4087-898E-F383B490F23E}"
EndProject
Project("{2150E333-8FDC-42A3-9474-1A3956D46DE8}") = "Valuation", "Valuation", "{02198966-6757-4463-A494-A3DD7B1F975C}"
EndProject
Project("{2150E333-8FDC-42A3-9474-1A3956D46DE8}") = "Bade", "Bade", "{5FCD4AF2-F9B8-4D38-9213-C717C9272B5D}"
EndProject
Project("{2150E333-8FDC-42A3-9474-1A3956D46DE8}") = "Common", "Common", "{62231018-B134-47E7-ACE2-8D6CBF446226}"
EndProject
Project("{2150E333-8FDC-42A3-9474-1A3956D46DE8}") = "Identiter", "Identiter", "{2654437E-67B1-4F9B-83A6-E1AD164AE4F8}"
EndProject
Project("{FAE04EC0-301F-11D3-BF4B-00C04F79EFBC}") = "UI", "GoldSoft.Identiter.UI\UI.csproj", "{F13CCA93-BFD5-41D8-A149-CFB261782FD5}"
EndProject
Project("{FAE04EC0-301F-11D3-BF4B-00C04F79EFBC}") = "Common", "GoldSoft.Identiter.Common\Common.csproj", "{2602C695-D9F7-46CE-8C9A-412F78313201}"
EndProject
Project("{FAE04EC0-301F-11D3-BF4B-00C04F79EFBC}") = "Core", "GoldSoft.Identiter.Core\Core.csproj", "{CD79625B-D00A-4397-BED0-A2E704B06FE3}"
EndProject
Project("{FAE04EC0-301F-11D3-BF4B-00C04F79EFBC}") = "Server", "GoldSoft.Identiter.Server\Server.csproj", "{84E49DBD-2FBA-42BB-9216-BFA562BEF8BB}"
EndProject
Project("{FAE04EC0-301F-11D3-BF4B-00C04F79EFBC}") = "Server", "GoldSoft.Bade.Server\Server.csproj", "{8085FB2F-3908-4450-B06A-D1C7468F0D0B}"
EndProject
Project("{FAE04EC0-301F-11D3-BF4B-00C04F79EFBC}") = "UI", "GoldSoft.Bade.UI\UI.csproj", "{F68D84A2-62E8-4015-91BB-5AAF545F0AE8}"
EndProject
Project("{FAE04EC0-301F-11D3-BF4B-00C04F79EFBC}") = "Security", "GoldSoft.Common.Security\Security.csproj", "{9DF7C27C-11BB-4E66-8EDE-8DF58C4DA167}"
EndProject
Project("{FAE04EC0-301F-11D3-BF4B-00C04F79EFBC}") = "JJSOFT.LIVING", "JJSOFT.LIVING\JJSOFT.LIVING.csproj", "{A604DCE9-F5BA-4860-96FD-82807E71E29F}"
EndProject
Project("{2150E333-8FDC-42A3-9474-1A3956D46DE8}") = "Test", "Test", "{98DD7239-4110-4180-B53D-2F6C0D1AD0D4}"
EndProject
Project("{FAE04EC0-301F-11D3-BF4B-00C04F79EFBC}") = "Forms", "Test\Forms.csproj", "{3CB89B06-7F78-447B-AD8F-0D5B8466676B}"
EndProject
Project("{FAE04EC0-301F-11D3-BF4B-00C04F79EFBC}") = "Model", "GoldSoft.Comon.Model\Model.csproj", "{7B6536A7-6398-4136-BB10-EFD0F4C3601E}"
EndProject
Project("{FAE04EC0-301F-11D3-BF4B-00C04F79EFBC}") = "Utility", "GoldSoft.Common.Utility\Utility.csproj", "{911D25C7-52BF-44F0-95B7-5C435D731A23}"
EndProject
Global
	GlobalSection(SolutionConfigurationPlatforms) = preSolution
		CD_ROM|Any CPU = CD_ROM|Any CPU
		CD_ROM|Mixed Platforms = CD_ROM|Mixed Platforms
		CD_ROM|x86 = CD_ROM|x86
		Custom|Any CPU = Custom|Any CPU
		Custom|Mixed Platforms = Custom|Mixed Platforms
		Custom|x86 = Custom|x86
		Debug|Any CPU = Debug|Any CPU
		Debug|Mixed Platforms = Debug|Mixed Platforms
		Debug|x86 = Debug|x86
		DVD-10|Any CPU = DVD-10|Any CPU
		DVD-10|Mixed Platforms = DVD-10|Mixed Platforms
		DVD-10|x86 = DVD-10|x86
		DVD-18|Any CPU = DVD-18|Any CPU
		DVD-18|Mixed Platforms = DVD-18|Mixed Platforms
		DVD-18|x86 = DVD-18|x86
		DVD-5|Any CPU = DVD-5|Any CPU
		DVD-5|Mixed Platforms = DVD-5|Mixed Platforms
		DVD-5|x86 = DVD-5|x86
		DVD-9|Any CPU = DVD-9|Any CPU
		DVD-9|Mixed Platforms = DVD-9|Mixed Platforms
		DVD-9|x86 = DVD-9|x86
		Release|Any CPU = Release|Any CPU
		Release|Mixed Platforms = Release|Mixed Platforms
		Release|x86 = Release|x86
		SingleImage|Any CPU = SingleImage|Any CPU
		SingleImage|Mixed Platforms = SingleImage|Mixed Platforms
		SingleImage|x86 = SingleImage|x86
		WebDeployment|Any CPU = WebDeployment|Any CPU
		WebDeployment|Mixed Platforms = WebDeployment|Mixed Platforms
		WebDeployment|x86 = WebDeployment|x86
	EndGlobalSection
	GlobalSection(ProjectConfigurationPlatforms) = postSolution
		{FECEEB6D-9E12-44A5-827C-31F81EAD022A}.CD_ROM|Any CPU.ActiveCfg = Release|Any CPU
		{FECEEB6D-9E12-44A5-827C-31F81EAD022A}.CD_ROM|Any CPU.Build.0 = Release|Any CPU
		{FECEEB6D-9E12-44A5-827C-31F81EAD022A}.CD_ROM|Mixed Platforms.ActiveCfg = Release|Any CPU
		{FECEEB6D-9E12-44A5-827C-31F81EAD022A}.CD_ROM|Mixed Platforms.Build.0 = Release|Any CPU
		{FECEEB6D-9E12-44A5-827C-31F81EAD022A}.CD_ROM|x86.ActiveCfg = Release|Any CPU
		{FECEEB6D-9E12-44A5-827C-31F81EAD022A}.Custom|Any CPU.ActiveCfg = Release|Any CPU
		{FECEEB6D-9E12-44A5-827C-31F81EAD022A}.Custom|Any CPU.Build.0 = Release|Any CPU
		{FECEEB6D-9E12-44A5-827C-31F81EAD022A}.Custom|Mixed Platforms.ActiveCfg = Release|Any CPU
		{FECEEB6D-9E12-44A5-827C-31F81EAD022A}.Custom|Mixed Platforms.Build.0 = Release|Any CPU
		{FECEEB6D-9E12-44A5-827C-31F81EAD022A}.Custom|x86.ActiveCfg = Release|Any CPU
		{FECEEB6D-9E12-44A5-827C-31F81EAD022A}.Debug|Any CPU.ActiveCfg = Debug|Any CPU
		{FECEEB6D-9E12-44A5-827C-31F81EAD022A}.Debug|Any CPU.Build.0 = Debug|Any CPU
		{FECEEB6D-9E12-44A5-827C-31F81EAD022A}.Debug|Mixed Platforms.ActiveCfg = Debug|Any CPU
		{FECEEB6D-9E12-44A5-827C-31F81EAD022A}.Debug|Mixed Platforms.Build.0 = Debug|Any CPU
		{FECEEB6D-9E12-44A5-827C-31F81EAD022A}.Debug|x86.ActiveCfg = Debug|Any CPU
		{FECEEB6D-9E12-44A5-827C-31F81EAD022A}.Debug|x86.Build.0 = Debug|Any CPU
		{FECEEB6D-9E12-44A5-827C-31F81EAD022A}.DVD-10|Any CPU.ActiveCfg = Debug|Any CPU
		{FECEEB6D-9E12-44A5-827C-31F81EAD022A}.DVD-10|Any CPU.Build.0 = Debug|Any CPU
		{FECEEB6D-9E12-44A5-827C-31F81EAD022A}.DVD-10|Mixed Platforms.ActiveCfg = Debug|Any CPU
		{FECEEB6D-9E12-44A5-827C-31F81EAD022A}.DVD-10|Mixed Platforms.Build.0 = Debug|Any CPU
		{FECEEB6D-9E12-44A5-827C-31F81EAD022A}.DVD-10|x86.ActiveCfg = Debug|Any CPU
		{FECEEB6D-9E12-44A5-827C-31F81EAD022A}.DVD-18|Any CPU.ActiveCfg = Debug|Any CPU
		{FECEEB6D-9E12-44A5-827C-31F81EAD022A}.DVD-18|Any CPU.Build.0 = Debug|Any CPU
		{FECEEB6D-9E12-44A5-827C-31F81EAD022A}.DVD-18|Mixed Platforms.ActiveCfg = Debug|Any CPU
		{FECEEB6D-9E12-44A5-827C-31F81EAD022A}.DVD-18|Mixed Platforms.Build.0 = Debug|Any CPU
		{FECEEB6D-9E12-44A5-827C-31F81EAD022A}.DVD-18|x86.ActiveCfg = Debug|Any CPU
		{FECEEB6D-9E12-44A5-827C-31F81EAD022A}.DVD-5|Any CPU.ActiveCfg = Debug|Any CPU
		{FECEEB6D-9E12-44A5-827C-31F81EAD022A}.DVD-5|Any CPU.Build.0 = Debug|Any CPU
		{FECEEB6D-9E12-44A5-827C-31F81EAD022A}.DVD-5|Mixed Platforms.ActiveCfg = Debug|Any CPU
		{FECEEB6D-9E12-44A5-827C-31F81EAD022A}.DVD-5|Mixed Platforms.Build.0 = Debug|Any CPU
		{FECEEB6D-9E12-44A5-827C-31F81EAD022A}.DVD-5|x86.ActiveCfg = Debug|Any CPU
		{FECEEB6D-9E12-44A5-827C-31F81EAD022A}.DVD-9|Any CPU.ActiveCfg = Debug|Any CPU
		{FECEEB6D-9E12-44A5-827C-31F81EAD022A}.DVD-9|Any CPU.Build.0 = Debug|Any CPU
		{FECEEB6D-9E12-44A5-827C-31F81EAD022A}.DVD-9|Mixed Platforms.ActiveCfg = Debug|Any CPU
		{FECEEB6D-9E12-44A5-827C-31F81EAD022A}.DVD-9|Mixed Platforms.Build.0 = Debug|Any CPU
		{FECEEB6D-9E12-44A5-827C-31F81EAD022A}.DVD-9|x86.ActiveCfg = Debug|Any CPU
		{FECEEB6D-9E12-44A5-827C-31F81EAD022A}.Release|Any CPU.ActiveCfg = Release|Any CPU
		{FECEEB6D-9E12-44A5-827C-31F81EAD022A}.Release|Any CPU.Build.0 = Release|Any CPU
		{FECEEB6D-9E12-44A5-827C-31F81EAD022A}.Release|Mixed Platforms.ActiveCfg = Release|Any CPU
		{FECEEB6D-9E12-44A5-827C-31F81EAD022A}.Release|Mixed Platforms.Build.0 = Release|Any CPU
		{FECEEB6D-9E12-44A5-827C-31F81EAD022A}.Release|x86.ActiveCfg = Release|Any CPU
		{FECEEB6D-9E12-44A5-827C-31F81EAD022A}.SingleImage|Any CPU.ActiveCfg = Release|Any CPU
		{FECEEB6D-9E12-44A5-827C-31F81EAD022A}.SingleImage|Any CPU.Build.0 = Release|Any CPU
		{FECEEB6D-9E12-44A5-827C-31F81EAD022A}.SingleImage|Mixed Platforms.ActiveCfg = Release|Any CPU
		{FECEEB6D-9E12-44A5-827C-31F81EAD022A}.SingleImage|Mixed Platforms.Build.0 = Release|Any CPU
		{FECEEB6D-9E12-44A5-827C-31F81EAD022A}.SingleImage|x86.ActiveCfg = Release|Any CPU
		{FECEEB6D-9E12-44A5-827C-31F81EAD022A}.WebDeployment|Any CPU.ActiveCfg = Release|Any CPU
		{FECEEB6D-9E12-44A5-827C-31F81EAD022A}.WebDeployment|Any CPU.Build.0 = Release|Any CPU
		{FECEEB6D-9E12-44A5-827C-31F81EAD022A}.WebDeployment|Mixed Platforms.ActiveCfg = Release|Any CPU
		{FECEEB6D-9E12-44A5-827C-31F81EAD022A}.WebDeployment|Mixed Platforms.Build.0 = Release|Any CPU
		{FECEEB6D-9E12-44A5-827C-31F81EAD022A}.WebDeployment|x86.ActiveCfg = Release|Any CPU
		{277E16F1-C607-49E4-BE7E-E578669C2DFE}.CD_ROM|Any CPU.ActiveCfg = Release|Any CPU
		{277E16F1-C607-49E4-BE7E-E578669C2DFE}.CD_ROM|Any CPU.Build.0 = Release|Any CPU
		{277E16F1-C607-49E4-BE7E-E578669C2DFE}.CD_ROM|Mixed Platforms.ActiveCfg = Release|Any CPU
		{277E16F1-C607-49E4-BE7E-E578669C2DFE}.CD_ROM|Mixed Platforms.Build.0 = Release|Any CPU
		{277E16F1-C607-49E4-BE7E-E578669C2DFE}.CD_ROM|x86.ActiveCfg = Release|Any CPU
		{277E16F1-C607-49E4-BE7E-E578669C2DFE}.Custom|Any CPU.ActiveCfg = Release|Any CPU
		{277E16F1-C607-49E4-BE7E-E578669C2DFE}.Custom|Any CPU.Build.0 = Release|Any CPU
		{277E16F1-C607-49E4-BE7E-E578669C2DFE}.Custom|Mixed Platforms.ActiveCfg = Release|Any CPU
		{277E16F1-C607-49E4-BE7E-E578669C2DFE}.Custom|Mixed Platforms.Build.0 = Release|Any CPU
		{277E16F1-C607-49E4-BE7E-E578669C2DFE}.Custom|x86.ActiveCfg = Release|Any CPU
		{277E16F1-C607-49E4-BE7E-E578669C2DFE}.Debug|Any CPU.ActiveCfg = Debug|Any CPU
		{277E16F1-C607-49E4-BE7E-E578669C2DFE}.Debug|Any CPU.Build.0 = Debug|Any CPU
		{277E16F1-C607-49E4-BE7E-E578669C2DFE}.Debug|Mixed Platforms.ActiveCfg = Debug|Any CPU
		{277E16F1-C607-49E4-BE7E-E578669C2DFE}.Debug|Mixed Platforms.Build.0 = Debug|Any CPU
		{277E16F1-C607-49E4-BE7E-E578669C2DFE}.Debug|x86.ActiveCfg = Debug|Any CPU
		{277E16F1-C607-49E4-BE7E-E578669C2DFE}.Debug|x86.Build.0 = Debug|Any CPU
		{277E16F1-C607-49E4-BE7E-E578669C2DFE}.DVD-10|Any CPU.ActiveCfg = Debug|Any CPU
		{277E16F1-C607-49E4-BE7E-E578669C2DFE}.DVD-10|Any CPU.Build.0 = Debug|Any CPU
		{277E16F1-C607-49E4-BE7E-E578669C2DFE}.DVD-10|Mixed Platforms.ActiveCfg = Debug|Any CPU
		{277E16F1-C607-49E4-BE7E-E578669C2DFE}.DVD-10|Mixed Platforms.Build.0 = Debug|Any CPU
		{277E16F1-C607-49E4-BE7E-E578669C2DFE}.DVD-10|x86.ActiveCfg = Debug|Any CPU
		{277E16F1-C607-49E4-BE7E-E578669C2DFE}.DVD-18|Any CPU.ActiveCfg = Debug|Any CPU
		{277E16F1-C607-49E4-BE7E-E578669C2DFE}.DVD-18|Any CPU.Build.0 = Debug|Any CPU
		{277E16F1-C607-49E4-BE7E-E578669C2DFE}.DVD-18|Mixed Platforms.ActiveCfg = Debug|Any CPU
		{277E16F1-C607-49E4-BE7E-E578669C2DFE}.DVD-18|Mixed Platforms.Build.0 = Debug|Any CPU
		{277E16F1-C607-49E4-BE7E-E578669C2DFE}.DVD-18|x86.ActiveCfg = Debug|Any CPU
		{277E16F1-C607-49E4-BE7E-E578669C2DFE}.DVD-5|Any CPU.ActiveCfg = Debug|Any CPU
		{277E16F1-C607-49E4-BE7E-E578669C2DFE}.DVD-5|Any CPU.Build.0 = Debug|Any CPU
		{277E16F1-C607-49E4-BE7E-E578669C2DFE}.DVD-5|Mixed Platforms.ActiveCfg = Debug|Any CPU
		{277E16F1-C607-49E4-BE7E-E578669C2DFE}.DVD-5|Mixed Platforms.Build.0 = Debug|Any CPU
		{277E16F1-C607-49E4-BE7E-E578669C2DFE}.DVD-5|x86.ActiveCfg = Debug|Any CPU
		{277E16F1-C607-49E4-BE7E-E578669C2DFE}.DVD-9|Any CPU.ActiveCfg = Debug|Any CPU
		{277E16F1-C607-49E4-BE7E-E578669C2DFE}.DVD-9|Any CPU.Build.0 = Debug|Any CPU
		{277E16F1-C607-49E4-BE7E-E578669C2DFE}.DVD-9|Mixed Platforms.ActiveCfg = Debug|Any CPU
		{277E16F1-C607-49E4-BE7E-E578669C2DFE}.DVD-9|Mixed Platforms.Build.0 = Debug|Any CPU
		{277E16F1-C607-49E4-BE7E-E578669C2DFE}.DVD-9|x86.ActiveCfg = Debug|Any CPU
		{277E16F1-C607-49E4-BE7E-E578669C2DFE}.Release|Any CPU.ActiveCfg = Release|Any CPU
		{277E16F1-C607-49E4-BE7E-E578669C2DFE}.Release|Any CPU.Build.0 = Release|Any CPU
		{277E16F1-C607-49E4-BE7E-E578669C2DFE}.Release|Mixed Platforms.ActiveCfg = Release|Any CPU
		{277E16F1-C607-49E4-BE7E-E578669C2DFE}.Release|Mixed Platforms.Build.0 = Release|Any CPU
		{277E16F1-C607-49E4-BE7E-E578669C2DFE}.Release|x86.ActiveCfg = Release|Any CPU
		{277E16F1-C607-49E4-BE7E-E578669C2DFE}.SingleImage|Any CPU.ActiveCfg = Release|Any CPU
		{277E16F1-C607-49E4-BE7E-E578669C2DFE}.SingleImage|Any CPU.Build.0 = Release|Any CPU
		{277E16F1-C607-49E4-BE7E-E578669C2DFE}.SingleImage|Mixed Platforms.ActiveCfg = Release|Any CPU
		{277E16F1-C607-49E4-BE7E-E578669C2DFE}.SingleImage|Mixed Platforms.Build.0 = Release|Any CPU
		{277E16F1-C607-49E4-BE7E-E578669C2DFE}.SingleImage|x86.ActiveCfg = Release|Any CPU
		{277E16F1-C607-49E4-BE7E-E578669C2DFE}.WebDeployment|Any CPU.ActiveCfg = Release|Any CPU
		{277E16F1-C607-49E4-BE7E-E578669C2DFE}.WebDeployment|Any CPU.Build.0 = Release|Any CPU
		{277E16F1-C607-49E4-BE7E-E578669C2DFE}.WebDeployment|Mixed Platforms.ActiveCfg = Release|Any CPU
		{277E16F1-C607-49E4-BE7E-E578669C2DFE}.WebDeployment|Mixed Platforms.Build.0 = Release|Any CPU
		{277E16F1-C607-49E4-BE7E-E578669C2DFE}.WebDeployment|x86.ActiveCfg = Release|Any CPU
		{DB5CA939-57D8-48FB-B86D-649473EC0D4E}.CD_ROM|Any CPU.ActiveCfg = Release|Any CPU
		{DB5CA939-57D8-48FB-B86D-649473EC0D4E}.CD_ROM|Any CPU.Build.0 = Release|Any CPU
		{DB5CA939-57D8-48FB-B86D-649473EC0D4E}.CD_ROM|Mixed Platforms.ActiveCfg = Release|Any CPU
		{DB5CA939-57D8-48FB-B86D-649473EC0D4E}.CD_ROM|Mixed Platforms.Build.0 = Release|Any CPU
		{DB5CA939-57D8-48FB-B86D-649473EC0D4E}.CD_ROM|x86.ActiveCfg = Release|Any CPU
		{DB5CA939-57D8-48FB-B86D-649473EC0D4E}.Custom|Any CPU.ActiveCfg = Release|Any CPU
		{DB5CA939-57D8-48FB-B86D-649473EC0D4E}.Custom|Any CPU.Build.0 = Release|Any CPU
		{DB5CA939-57D8-48FB-B86D-649473EC0D4E}.Custom|Mixed Platforms.ActiveCfg = Release|Any CPU
		{DB5CA939-57D8-48FB-B86D-649473EC0D4E}.Custom|Mixed Platforms.Build.0 = Release|Any CPU
		{DB5CA939-57D8-48FB-B86D-649473EC0D4E}.Custom|x86.ActiveCfg = Release|Any CPU
		{DB5CA939-57D8-48FB-B86D-649473EC0D4E}.Debug|Any CPU.ActiveCfg = Debug|Any CPU
		{DB5CA939-57D8-48FB-B86D-649473EC0D4E}.Debug|Any CPU.Build.0 = Debug|Any CPU
		{DB5CA939-57D8-48FB-B86D-649473EC0D4E}.Debug|Mixed Platforms.ActiveCfg = Debug|Any CPU
		{DB5CA939-57D8-48FB-B86D-649473EC0D4E}.Debug|Mixed Platforms.Build.0 = Debug|Any CPU
		{DB5CA939-57D8-48FB-B86D-649473EC0D4E}.Debug|x86.ActiveCfg = Debug|Any CPU
		{DB5CA939-57D8-48FB-B86D-649473EC0D4E}.Debug|x86.Build.0 = Debug|Any CPU
		{DB5CA939-57D8-48FB-B86D-649473EC0D4E}.DVD-10|Any CPU.ActiveCfg = Debug|Any CPU
		{DB5CA939-57D8-48FB-B86D-649473EC0D4E}.DVD-10|Any CPU.Build.0 = Debug|Any CPU
		{DB5CA939-57D8-48FB-B86D-649473EC0D4E}.DVD-10|Mixed Platforms.ActiveCfg = Debug|Any CPU
		{DB5CA939-57D8-48FB-B86D-649473EC0D4E}.DVD-10|Mixed Platforms.Build.0 = Debug|Any CPU
		{DB5CA939-57D8-48FB-B86D-649473EC0D4E}.DVD-10|x86.ActiveCfg = Debug|Any CPU
		{DB5CA939-57D8-48FB-B86D-649473EC0D4E}.DVD-18|Any CPU.ActiveCfg = Debug|Any CPU
		{DB5CA939-57D8-48FB-B86D-649473EC0D4E}.DVD-18|Any CPU.Build.0 = Debug|Any CPU
		{DB5CA939-57D8-48FB-B86D-649473EC0D4E}.DVD-18|Mixed Platforms.ActiveCfg = Debug|Any CPU
		{DB5CA939-57D8-48FB-B86D-649473EC0D4E}.DVD-18|Mixed Platforms.Build.0 = Debug|Any CPU
		{DB5CA939-57D8-48FB-B86D-649473EC0D4E}.DVD-18|x86.ActiveCfg = Debug|Any CPU
		{DB5CA939-57D8-48FB-B86D-649473EC0D4E}.DVD-5|Any CPU.ActiveCfg = Debug|Any CPU
		{DB5CA939-57D8-48FB-B86D-649473EC0D4E}.DVD-5|Any CPU.Build.0 = Debug|Any CPU
		{DB5CA939-57D8-48FB-B86D-649473EC0D4E}.DVD-5|Mixed Platforms.ActiveCfg = Debug|Any CPU
		{DB5CA939-57D8-48FB-B86D-649473EC0D4E}.DVD-5|Mixed Platforms.Build.0 = Debug|Any CPU
		{DB5CA939-57D8-48FB-B86D-649473EC0D4E}.DVD-5|x86.ActiveCfg = Debug|Any CPU
		{DB5CA939-57D8-48FB-B86D-649473EC0D4E}.DVD-9|Any CPU.ActiveCfg = Debug|Any CPU
		{DB5CA939-57D8-48FB-B86D-649473EC0D4E}.DVD-9|Any CPU.Build.0 = Debug|Any CPU
		{DB5CA939-57D8-48FB-B86D-649473EC0D4E}.DVD-9|Mixed Platforms.ActiveCfg = Debug|Any CPU
		{DB5CA939-57D8-48FB-B86D-649473EC0D4E}.DVD-9|Mixed Platforms.Build.0 = Debug|Any CPU
		{DB5CA939-57D8-48FB-B86D-649473EC0D4E}.DVD-9|x86.ActiveCfg = Debug|Any CPU
		{DB5CA939-57D8-48FB-B86D-649473EC0D4E}.Release|Any CPU.ActiveCfg = Release|Any CPU
		{DB5CA939-57D8-48FB-B86D-649473EC0D4E}.Release|Any CPU.Build.0 = Release|Any CPU
		{DB5CA939-57D8-48FB-B86D-649473EC0D4E}.Release|Mixed Platforms.ActiveCfg = Release|Any CPU
		{DB5CA939-57D8-48FB-B86D-649473EC0D4E}.Release|Mixed Platforms.Build.0 = Release|Any CPU
		{DB5CA939-57D8-48FB-B86D-649473EC0D4E}.Release|x86.ActiveCfg = Release|Any CPU
		{DB5CA939-57D8-48FB-B86D-649473EC0D4E}.SingleImage|Any CPU.ActiveCfg = Release|Any CPU
		{DB5CA939-57D8-48FB-B86D-649473EC0D4E}.SingleImage|Any CPU.Build.0 = Release|Any CPU
		{DB5CA939-57D8-48FB-B86D-649473EC0D4E}.SingleImage|Mixed Platforms.ActiveCfg = Release|Any CPU
		{DB5CA939-57D8-48FB-B86D-649473EC0D4E}.SingleImage|Mixed Platforms.Build.0 = Release|Any CPU
		{DB5CA939-57D8-48FB-B86D-649473EC0D4E}.SingleImage|x86.ActiveCfg = Release|Any CPU
		{DB5CA939-57D8-48FB-B86D-649473EC0D4E}.WebDeployment|Any CPU.ActiveCfg = Release|Any CPU
		{DB5CA939-57D8-48FB-B86D-649473EC0D4E}.WebDeployment|Any CPU.Build.0 = Release|Any CPU
		{DB5CA939-57D8-48FB-B86D-649473EC0D4E}.WebDeployment|Mixed Platforms.ActiveCfg = Release|Any CPU
		{DB5CA939-57D8-48FB-B86D-649473EC0D4E}.WebDeployment|Mixed Platforms.Build.0 = Release|Any CPU
		{DB5CA939-57D8-48FB-B86D-649473EC0D4E}.WebDeployment|x86.ActiveCfg = Release|Any CPU
		{80D88B3A-D915-4AD5-A92B-B7E60448C09E}.CD_ROM|Any CPU.ActiveCfg = Release|Any CPU
		{80D88B3A-D915-4AD5-A92B-B7E60448C09E}.CD_ROM|Any CPU.Build.0 = Release|Any CPU
		{80D88B3A-D915-4AD5-A92B-B7E60448C09E}.CD_ROM|Mixed Platforms.ActiveCfg = Release|Any CPU
		{80D88B3A-D915-4AD5-A92B-B7E60448C09E}.CD_ROM|Mixed Platforms.Build.0 = Release|Any CPU
		{80D88B3A-D915-4AD5-A92B-B7E60448C09E}.CD_ROM|x86.ActiveCfg = Release|Any CPU
		{80D88B3A-D915-4AD5-A92B-B7E60448C09E}.Custom|Any CPU.ActiveCfg = Release|Any CPU
		{80D88B3A-D915-4AD5-A92B-B7E60448C09E}.Custom|Any CPU.Build.0 = Release|Any CPU
		{80D88B3A-D915-4AD5-A92B-B7E60448C09E}.Custom|Mixed Platforms.ActiveCfg = Release|Any CPU
		{80D88B3A-D915-4AD5-A92B-B7E60448C09E}.Custom|Mixed Platforms.Build.0 = Release|Any CPU
		{80D88B3A-D915-4AD5-A92B-B7E60448C09E}.Custom|x86.ActiveCfg = Release|Any CPU
		{80D88B3A-D915-4AD5-A92B-B7E60448C09E}.Debug|Any CPU.ActiveCfg = Debug|Any CPU
		{80D88B3A-D915-4AD5-A92B-B7E60448C09E}.Debug|Any CPU.Build.0 = Debug|Any CPU
		{80D88B3A-D915-4AD5-A92B-B7E60448C09E}.Debug|Mixed Platforms.ActiveCfg = Debug|Any CPU
		{80D88B3A-D915-4AD5-A92B-B7E60448C09E}.Debug|Mixed Platforms.Build.0 = Debug|Any CPU
		{80D88B3A-D915-4AD5-A92B-B7E60448C09E}.Debug|x86.ActiveCfg = Debug|Any CPU
		{80D88B3A-D915-4AD5-A92B-B7E60448C09E}.Debug|x86.Build.0 = Debug|Any CPU
		{80D88B3A-D915-4AD5-A92B-B7E60448C09E}.DVD-10|Any CPU.ActiveCfg = Debug|Any CPU
		{80D88B3A-D915-4AD5-A92B-B7E60448C09E}.DVD-10|Any CPU.Build.0 = Debug|Any CPU
		{80D88B3A-D915-4AD5-A92B-B7E60448C09E}.DVD-10|Mixed Platforms.ActiveCfg = Debug|Any CPU
		{80D88B3A-D915-4AD5-A92B-B7E60448C09E}.DVD-10|Mixed Platforms.Build.0 = Debug|Any CPU
		{80D88B3A-D915-4AD5-A92B-B7E60448C09E}.DVD-10|x86.ActiveCfg = Debug|Any CPU
		{80D88B3A-D915-4AD5-A92B-B7E60448C09E}.DVD-18|Any CPU.ActiveCfg = Debug|Any CPU
		{80D88B3A-D915-4AD5-A92B-B7E60448C09E}.DVD-18|Any CPU.Build.0 = Debug|Any CPU
		{80D88B3A-D915-4AD5-A92B-B7E60448C09E}.DVD-18|Mixed Platforms.ActiveCfg = Debug|Any CPU
		{80D88B3A-D915-4AD5-A92B-B7E60448C09E}.DVD-18|Mixed Platforms.Build.0 = Debug|Any CPU
		{80D88B3A-D915-4AD5-A92B-B7E60448C09E}.DVD-18|x86.ActiveCfg = Debug|Any CPU
		{80D88B3A-D915-4AD5-A92B-B7E60448C09E}.DVD-5|Any CPU.ActiveCfg = Debug|Any CPU
		{80D88B3A-D915-4AD5-A92B-B7E60448C09E}.DVD-5|Any CPU.Build.0 = Debug|Any CPU
		{80D88B3A-D915-4AD5-A92B-B7E60448C09E}.DVD-5|Mixed Platforms.ActiveCfg = Debug|Any CPU
		{80D88B3A-D915-4AD5-A92B-B7E60448C09E}.DVD-5|Mixed Platforms.Build.0 = Debug|Any CPU
		{80D88B3A-D915-4AD5-A92B-B7E60448C09E}.DVD-5|x86.ActiveCfg = Debug|Any CPU
		{80D88B3A-D915-4AD5-A92B-B7E60448C09E}.DVD-9|Any CPU.ActiveCfg = Debug|Any CPU
		{80D88B3A-D915-4AD5-A92B-B7E60448C09E}.DVD-9|Any CPU.Build.0 = Debug|Any CPU
		{80D88B3A-D915-4AD5-A92B-B7E60448C09E}.DVD-9|Mixed Platforms.ActiveCfg = Debug|Any CPU
		{80D88B3A-D915-4AD5-A92B-B7E60448C09E}.DVD-9|Mixed Platforms.Build.0 = Debug|Any CPU
		{80D88B3A-D915-4AD5-A92B-B7E60448C09E}.DVD-9|x86.ActiveCfg = Debug|Any CPU
		{80D88B3A-D915-4AD5-A92B-B7E60448C09E}.Release|Any CPU.ActiveCfg = Release|Any CPU
		{80D88B3A-D915-4AD5-A92B-B7E60448C09E}.Release|Any CPU.Build.0 = Release|Any CPU
		{80D88B3A-D915-4AD5-A92B-B7E60448C09E}.Release|Mixed Platforms.ActiveCfg = Release|Any CPU
		{80D88B3A-D915-4AD5-A92B-B7E60448C09E}.Release|Mixed Platforms.Build.0 = Release|Any CPU
		{80D88B3A-D915-4AD5-A92B-B7E60448C09E}.Release|x86.ActiveCfg = Release|Any CPU
		{80D88B3A-D915-4AD5-A92B-B7E60448C09E}.SingleImage|Any CPU.ActiveCfg = Release|Any CPU
		{80D88B3A-D915-4AD5-A92B-B7E60448C09E}.SingleImage|Any CPU.Build.0 = Release|Any CPU
		{80D88B3A-D915-4AD5-A92B-B7E60448C09E}.SingleImage|Mixed Platforms.ActiveCfg = Release|Any CPU
		{80D88B3A-D915-4AD5-A92B-B7E60448C09E}.SingleImage|Mixed Platforms.Build.0 = Release|Any CPU
		{80D88B3A-D915-4AD5-A92B-B7E60448C09E}.SingleImage|x86.ActiveCfg = Release|Any CPU
		{80D88B3A-D915-4AD5-A92B-B7E60448C09E}.WebDeployment|Any CPU.ActiveCfg = Release|Any CPU
		{80D88B3A-D915-4AD5-A92B-B7E60448C09E}.WebDeployment|Any CPU.Build.0 = Release|Any CPU
		{80D88B3A-D915-4AD5-A92B-B7E60448C09E}.WebDeployment|Mixed Platforms.ActiveCfg = Release|Any CPU
		{80D88B3A-D915-4AD5-A92B-B7E60448C09E}.WebDeployment|Mixed Platforms.Build.0 = Release|Any CPU
		{80D88B3A-D915-4AD5-A92B-B7E60448C09E}.WebDeployment|x86.ActiveCfg = Release|Any CPU
		{C29BBFAD-A884-4711-A652-09B2C9B90CEA}.CD_ROM|Any CPU.ActiveCfg = Release|Any CPU
		{C29BBFAD-A884-4711-A652-09B2C9B90CEA}.CD_ROM|Any CPU.Build.0 = Release|Any CPU
		{C29BBFAD-A884-4711-A652-09B2C9B90CEA}.CD_ROM|Mixed Platforms.ActiveCfg = Release|Any CPU
		{C29BBFAD-A884-4711-A652-09B2C9B90CEA}.CD_ROM|Mixed Platforms.Build.0 = Release|Any CPU
		{C29BBFAD-A884-4711-A652-09B2C9B90CEA}.CD_ROM|x86.ActiveCfg = Release|Any CPU
		{C29BBFAD-A884-4711-A652-09B2C9B90CEA}.Custom|Any CPU.ActiveCfg = Release|Any CPU
		{C29BBFAD-A884-4711-A652-09B2C9B90CEA}.Custom|Any CPU.Build.0 = Release|Any CPU
		{C29BBFAD-A884-4711-A652-09B2C9B90CEA}.Custom|Mixed Platforms.ActiveCfg = Release|Any CPU
		{C29BBFAD-A884-4711-A652-09B2C9B90CEA}.Custom|Mixed Platforms.Build.0 = Release|Any CPU
		{C29BBFAD-A884-4711-A652-09B2C9B90CEA}.Custom|x86.ActiveCfg = Release|Any CPU
		{C29BBFAD-A884-4711-A652-09B2C9B90CEA}.Debug|Any CPU.ActiveCfg = Debug|Any CPU
		{C29BBFAD-A884-4711-A652-09B2C9B90CEA}.Debug|Any CPU.Build.0 = Debug|Any CPU
		{C29BBFAD-A884-4711-A652-09B2C9B90CEA}.Debug|Mixed Platforms.ActiveCfg = Debug|Any CPU
		{C29BBFAD-A884-4711-A652-09B2C9B90CEA}.Debug|Mixed Platforms.Build.0 = Debug|Any CPU
		{C29BBFAD-A884-4711-A652-09B2C9B90CEA}.Debug|x86.ActiveCfg = Debug|Any CPU
		{C29BBFAD-A884-4711-A652-09B2C9B90CEA}.Debug|x86.Build.0 = Debug|Any CPU
		{C29BBFAD-A884-4711-A652-09B2C9B90CEA}.DVD-10|Any CPU.ActiveCfg = Debug|Any CPU
		{C29BBFAD-A884-4711-A652-09B2C9B90CEA}.DVD-10|Any CPU.Build.0 = Debug|Any CPU
		{C29BBFAD-A884-4711-A652-09B2C9B90CEA}.DVD-10|Mixed Platforms.ActiveCfg = Debug|Any CPU
		{C29BBFAD-A884-4711-A652-09B2C9B90CEA}.DVD-10|Mixed Platforms.Build.0 = Debug|Any CPU
		{C29BBFAD-A884-4711-A652-09B2C9B90CEA}.DVD-10|x86.ActiveCfg = Debug|Any CPU
		{C29BBFAD-A884-4711-A652-09B2C9B90CEA}.DVD-18|Any CPU.ActiveCfg = Debug|Any CPU
		{C29BBFAD-A884-4711-A652-09B2C9B90CEA}.DVD-18|Any CPU.Build.0 = Debug|Any CPU
		{C29BBFAD-A884-4711-A652-09B2C9B90CEA}.DVD-18|Mixed Platforms.ActiveCfg = Debug|Any CPU
		{C29BBFAD-A884-4711-A652-09B2C9B90CEA}.DVD-18|Mixed Platforms.Build.0 = Debug|Any CPU
		{C29BBFAD-A884-4711-A652-09B2C9B90CEA}.DVD-18|x86.ActiveCfg = Debug|Any CPU
		{C29BBFAD-A884-4711-A652-09B2C9B90CEA}.DVD-5|Any CPU.ActiveCfg = Debug|Any CPU
		{C29BBFAD-A884-4711-A652-09B2C9B90CEA}.DVD-5|Any CPU.Build.0 = Debug|Any CPU
		{C29BBFAD-A884-4711-A652-09B2C9B90CEA}.DVD-5|Mixed Platforms.ActiveCfg = Debug|Any CPU
		{C29BBFAD-A884-4711-A652-09B2C9B90CEA}.DVD-5|Mixed Platforms.Build.0 = Debug|Any CPU
		{C29BBFAD-A884-4711-A652-09B2C9B90CEA}.DVD-5|x86.ActiveCfg = Debug|Any CPU
		{C29BBFAD-A884-4711-A652-09B2C9B90CEA}.DVD-9|Any CPU.ActiveCfg = Debug|Any CPU
		{C29BBFAD-A884-4711-A652-09B2C9B90CEA}.DVD-9|Any CPU.Build.0 = Debug|Any CPU
		{C29BBFAD-A884-4711-A652-09B2C9B90CEA}.DVD-9|Mixed Platforms.ActiveCfg = Debug|Any CPU
		{C29BBFAD-A884-4711-A652-09B2C9B90CEA}.DVD-9|Mixed Platforms.Build.0 = Debug|Any CPU
		{C29BBFAD-A884-4711-A652-09B2C9B90CEA}.DVD-9|x86.ActiveCfg = Debug|Any CPU
		{C29BBFAD-A884-4711-A652-09B2C9B90CEA}.Release|Any CPU.ActiveCfg = Release|Any CPU
		{C29BBFAD-A884-4711-A652-09B2C9B90CEA}.Release|Any CPU.Build.0 = Release|Any CPU
		{C29BBFAD-A884-4711-A652-09B2C9B90CEA}.Release|Mixed Platforms.ActiveCfg = Release|Any CPU
		{C29BBFAD-A884-4711-A652-09B2C9B90CEA}.Release|Mixed Platforms.Build.0 = Release|Any CPU
		{C29BBFAD-A884-4711-A652-09B2C9B90CEA}.Release|x86.ActiveCfg = Release|Any CPU
		{C29BBFAD-A884-4711-A652-09B2C9B90CEA}.SingleImage|Any CPU.ActiveCfg = Release|Any CPU
		{C29BBFAD-A884-4711-A652-09B2C9B90CEA}.SingleImage|Any CPU.Build.0 = Release|Any CPU
		{C29BBFAD-A884-4711-A652-09B2C9B90CEA}.SingleImage|Mixed Platforms.ActiveCfg = Release|Any CPU
		{C29BBFAD-A884-4711-A652-09B2C9B90CEA}.SingleImage|Mixed Platforms.Build.0 = Release|Any CPU
		{C29BBFAD-A884-4711-A652-09B2C9B90CEA}.SingleImage|x86.ActiveCfg = Release|Any CPU
		{C29BBFAD-A884-4711-A652-09B2C9B90CEA}.WebDeployment|Any CPU.ActiveCfg = Release|Any CPU
		{C29BBFAD-A884-4711-A652-09B2C9B90CEA}.WebDeployment|Any CPU.Build.0 = Release|Any CPU
		{C29BBFAD-A884-4711-A652-09B2C9B90CEA}.WebDeployment|Mixed Platforms.ActiveCfg = Release|Any CPU
		{C29BBFAD-A884-4711-A652-09B2C9B90CEA}.WebDeployment|Mixed Platforms.Build.0 = Release|Any CPU
		{C29BBFAD-A884-4711-A652-09B2C9B90CEA}.WebDeployment|x86.ActiveCfg = Release|Any CPU
		{D05743BB-7D5D-4D7C-A455-3BF2A974A0E6}.CD_ROM|Any CPU.ActiveCfg = Release|Any CPU
		{D05743BB-7D5D-4D7C-A455-3BF2A974A0E6}.CD_ROM|Any CPU.Build.0 = Release|Any CPU
		{D05743BB-7D5D-4D7C-A455-3BF2A974A0E6}.CD_ROM|Mixed Platforms.ActiveCfg = Release|Any CPU
		{D05743BB-7D5D-4D7C-A455-3BF2A974A0E6}.CD_ROM|Mixed Platforms.Build.0 = Release|Any CPU
		{D05743BB-7D5D-4D7C-A455-3BF2A974A0E6}.CD_ROM|x86.ActiveCfg = Release|Any CPU
		{D05743BB-7D5D-4D7C-A455-3BF2A974A0E6}.Custom|Any CPU.ActiveCfg = Release|Any CPU
		{D05743BB-7D5D-4D7C-A455-3BF2A974A0E6}.Custom|Any CPU.Build.0 = Release|Any CPU
		{D05743BB-7D5D-4D7C-A455-3BF2A974A0E6}.Custom|Mixed Platforms.ActiveCfg = Release|Any CPU
		{D05743BB-7D5D-4D7C-A455-3BF2A974A0E6}.Custom|Mixed Platforms.Build.0 = Release|Any CPU
		{D05743BB-7D5D-4D7C-A455-3BF2A974A0E6}.Custom|x86.ActiveCfg = Release|Any CPU
		{D05743BB-7D5D-4D7C-A455-3BF2A974A0E6}.Debug|Any CPU.ActiveCfg = Debug|Any CPU
		{D05743BB-7D5D-4D7C-A455-3BF2A974A0E6}.Debug|Any CPU.Build.0 = Debug|Any CPU
		{D05743BB-7D5D-4D7C-A455-3BF2A974A0E6}.Debug|Mixed Platforms.ActiveCfg = Debug|Any CPU
		{D05743BB-7D5D-4D7C-A455-3BF2A974A0E6}.Debug|Mixed Platforms.Build.0 = Debug|Any CPU
		{D05743BB-7D5D-4D7C-A455-3BF2A974A0E6}.Debug|x86.ActiveCfg = Debug|Any CPU
		{D05743BB-7D5D-4D7C-A455-3BF2A974A0E6}.DVD-10|Any CPU.ActiveCfg = Debug|Any CPU
		{D05743BB-7D5D-4D7C-A455-3BF2A974A0E6}.DVD-10|Any CPU.Build.0 = Debug|Any CPU
		{D05743BB-7D5D-4D7C-A455-3BF2A974A0E6}.DVD-10|Mixed Platforms.ActiveCfg = Debug|Any CPU
		{D05743BB-7D5D-4D7C-A455-3BF2A974A0E6}.DVD-10|Mixed Platforms.Build.0 = Debug|Any CPU
		{D05743BB-7D5D-4D7C-A455-3BF2A974A0E6}.DVD-10|x86.ActiveCfg = Debug|Any CPU
		{D05743BB-7D5D-4D7C-A455-3BF2A974A0E6}.DVD-18|Any CPU.ActiveCfg = Debug|Any CPU
		{D05743BB-7D5D-4D7C-A455-3BF2A974A0E6}.DVD-18|Any CPU.Build.0 = Debug|Any CPU
		{D05743BB-7D5D-4D7C-A455-3BF2A974A0E6}.DVD-18|Mixed Platforms.ActiveCfg = Debug|Any CPU
		{D05743BB-7D5D-4D7C-A455-3BF2A974A0E6}.DVD-18|Mixed Platforms.Build.0 = Debug|Any CPU
		{D05743BB-7D5D-4D7C-A455-3BF2A974A0E6}.DVD-18|x86.ActiveCfg = Debug|Any CPU
		{D05743BB-7D5D-4D7C-A455-3BF2A974A0E6}.DVD-5|Any CPU.ActiveCfg = Debug|Any CPU
		{D05743BB-7D5D-4D7C-A455-3BF2A974A0E6}.DVD-5|Any CPU.Build.0 = Debug|Any CPU
		{D05743BB-7D5D-4D7C-A455-3BF2A974A0E6}.DVD-5|Mixed Platforms.ActiveCfg = Debug|Any CPU
		{D05743BB-7D5D-4D7C-A455-3BF2A974A0E6}.DVD-5|Mixed Platforms.Build.0 = Debug|Any CPU
		{D05743BB-7D5D-4D7C-A455-3BF2A974A0E6}.DVD-5|x86.ActiveCfg = Debug|Any CPU
		{D05743BB-7D5D-4D7C-A455-3BF2A974A0E6}.DVD-9|Any CPU.ActiveCfg = Debug|Any CPU
		{D05743BB-7D5D-4D7C-A455-3BF2A974A0E6}.DVD-9|Any CPU.Build.0 = Debug|Any CPU
		{D05743BB-7D5D-4D7C-A455-3BF2A974A0E6}.DVD-9|Mixed Platforms.ActiveCfg = Debug|Any CPU
		{D05743BB-7D5D-4D7C-A455-3BF2A974A0E6}.DVD-9|Mixed Platforms.Build.0 = Debug|Any CPU
		{D05743BB-7D5D-4D7C-A455-3BF2A974A0E6}.DVD-9|x86.ActiveCfg = Debug|Any CPU
		{D05743BB-7D5D-4D7C-A455-3BF2A974A0E6}.Release|Any CPU.ActiveCfg = Release|Any CPU
		{D05743BB-7D5D-4D7C-A455-3BF2A974A0E6}.Release|Any CPU.Build.0 = Release|Any CPU
		{D05743BB-7D5D-4D7C-A455-3BF2A974A0E6}.Release|Mixed Platforms.ActiveCfg = Release|Any CPU
		{D05743BB-7D5D-4D7C-A455-3BF2A974A0E6}.Release|Mixed Platforms.Build.0 = Release|Any CPU
		{D05743BB-7D5D-4D7C-A455-3BF2A974A0E6}.Release|x86.ActiveCfg = Release|Any CPU
		{D05743BB-7D5D-4D7C-A455-3BF2A974A0E6}.SingleImage|Any CPU.ActiveCfg = Release|Any CPU
		{D05743BB-7D5D-4D7C-A455-3BF2A974A0E6}.SingleImage|Any CPU.Build.0 = Release|Any CPU
		{D05743BB-7D5D-4D7C-A455-3BF2A974A0E6}.SingleImage|Mixed Platforms.ActiveCfg = Release|Any CPU
		{D05743BB-7D5D-4D7C-A455-3BF2A974A0E6}.SingleImage|Mixed Platforms.Build.0 = Release|Any CPU
		{D05743BB-7D5D-4D7C-A455-3BF2A974A0E6}.SingleImage|x86.ActiveCfg = Release|Any CPU
		{D05743BB-7D5D-4D7C-A455-3BF2A974A0E6}.WebDeployment|Any CPU.ActiveCfg = Release|Any CPU
		{D05743BB-7D5D-4D7C-A455-3BF2A974A0E6}.WebDeployment|Any CPU.Build.0 = Release|Any CPU
		{D05743BB-7D5D-4D7C-A455-3BF2A974A0E6}.WebDeployment|Mixed Platforms.ActiveCfg = Release|Any CPU
		{D05743BB-7D5D-4D7C-A455-3BF2A974A0E6}.WebDeployment|Mixed Platforms.Build.0 = Release|Any CPU
		{D05743BB-7D5D-4D7C-A455-3BF2A974A0E6}.WebDeployment|x86.ActiveCfg = Release|Any CPU
		{FB833EE6-4CF0-4649-8B7C-173C29148987}.CD_ROM|Any CPU.ActiveCfg = Release|Any CPU
		{FB833EE6-4CF0-4649-8B7C-173C29148987}.CD_ROM|Any CPU.Build.0 = Release|Any CPU
		{FB833EE6-4CF0-4649-8B7C-173C29148987}.CD_ROM|Mixed Platforms.ActiveCfg = Release|Any CPU
		{FB833EE6-4CF0-4649-8B7C-173C29148987}.CD_ROM|Mixed Platforms.Build.0 = Release|Any CPU
		{FB833EE6-4CF0-4649-8B7C-173C29148987}.CD_ROM|x86.ActiveCfg = Release|Any CPU
		{FB833EE6-4CF0-4649-8B7C-173C29148987}.Custom|Any CPU.ActiveCfg = Release|Any CPU
		{FB833EE6-4CF0-4649-8B7C-173C29148987}.Custom|Any CPU.Build.0 = Release|Any CPU
		{FB833EE6-4CF0-4649-8B7C-173C29148987}.Custom|Mixed Platforms.ActiveCfg = Release|Any CPU
		{FB833EE6-4CF0-4649-8B7C-173C29148987}.Custom|Mixed Platforms.Build.0 = Release|Any CPU
		{FB833EE6-4CF0-4649-8B7C-173C29148987}.Custom|x86.ActiveCfg = Release|Any CPU
		{FB833EE6-4CF0-4649-8B7C-173C29148987}.Debug|Any CPU.ActiveCfg = Debug|Any CPU
		{FB833EE6-4CF0-4649-8B7C-173C29148987}.Debug|Any CPU.Build.0 = Debug|Any CPU
		{FB833EE6-4CF0-4649-8B7C-173C29148987}.Debug|Mixed Platforms.ActiveCfg = Debug|Any CPU
		{FB833EE6-4CF0-4649-8B7C-173C29148987}.Debug|Mixed Platforms.Build.0 = Debug|Any CPU
		{FB833EE6-4CF0-4649-8B7C-173C29148987}.Debug|x86.ActiveCfg = Debug|Any CPU
		{FB833EE6-4CF0-4649-8B7C-173C29148987}.Debug|x86.Build.0 = Debug|Any CPU
		{FB833EE6-4CF0-4649-8B7C-173C29148987}.DVD-10|Any CPU.ActiveCfg = Debug|Any CPU
		{FB833EE6-4CF0-4649-8B7C-173C29148987}.DVD-10|Any CPU.Build.0 = Debug|Any CPU
		{FB833EE6-4CF0-4649-8B7C-173C29148987}.DVD-10|Mixed Platforms.ActiveCfg = Debug|Any CPU
		{FB833EE6-4CF0-4649-8B7C-173C29148987}.DVD-10|Mixed Platforms.Build.0 = Debug|Any CPU
		{FB833EE6-4CF0-4649-8B7C-173C29148987}.DVD-10|x86.ActiveCfg = Debug|Any CPU
		{FB833EE6-4CF0-4649-8B7C-173C29148987}.DVD-18|Any CPU.ActiveCfg = Debug|Any CPU
		{FB833EE6-4CF0-4649-8B7C-173C29148987}.DVD-18|Any CPU.Build.0 = Debug|Any CPU
		{FB833EE6-4CF0-4649-8B7C-173C29148987}.DVD-18|Mixed Platforms.ActiveCfg = Debug|Any CPU
		{FB833EE6-4CF0-4649-8B7C-173C29148987}.DVD-18|Mixed Platforms.Build.0 = Debug|Any CPU
		{FB833EE6-4CF0-4649-8B7C-173C29148987}.DVD-18|x86.ActiveCfg = Debug|Any CPU
		{FB833EE6-4CF0-4649-8B7C-173C29148987}.DVD-5|Any CPU.ActiveCfg = Debug|Any CPU
		{FB833EE6-4CF0-4649-8B7C-173C29148987}.DVD-5|Any CPU.Build.0 = Debug|Any CPU
		{FB833EE6-4CF0-4649-8B7C-173C29148987}.DVD-5|Mixed Platforms.ActiveCfg = Debug|Any CPU
		{FB833EE6-4CF0-4649-8B7C-173C29148987}.DVD-5|Mixed Platforms.Build.0 = Debug|Any CPU
		{FB833EE6-4CF0-4649-8B7C-173C29148987}.DVD-5|x86.ActiveCfg = Debug|Any CPU
		{FB833EE6-4CF0-4649-8B7C-173C29148987}.DVD-9|Any CPU.ActiveCfg = Debug|Any CPU
		{FB833EE6-4CF0-4649-8B7C-173C29148987}.DVD-9|Any CPU.Build.0 = Debug|Any CPU
		{FB833EE6-4CF0-4649-8B7C-173C29148987}.DVD-9|Mixed Platforms.ActiveCfg = Debug|Any CPU
		{FB833EE6-4CF0-4649-8B7C-173C29148987}.DVD-9|Mixed Platforms.Build.0 = Debug|Any CPU
		{FB833EE6-4CF0-4649-8B7C-173C29148987}.DVD-9|x86.ActiveCfg = Debug|Any CPU
		{FB833EE6-4CF0-4649-8B7C-173C29148987}.Release|Any CPU.ActiveCfg = Release|Any CPU
		{FB833EE6-4CF0-4649-8B7C-173C29148987}.Release|Any CPU.Build.0 = Release|Any CPU
		{FB833EE6-4CF0-4649-8B7C-173C29148987}.Release|Mixed Platforms.ActiveCfg = Release|Any CPU
		{FB833EE6-4CF0-4649-8B7C-173C29148987}.Release|Mixed Platforms.Build.0 = Release|Any CPU
		{FB833EE6-4CF0-4649-8B7C-173C29148987}.Release|x86.ActiveCfg = Release|Any CPU
		{FB833EE6-4CF0-4649-8B7C-173C29148987}.SingleImage|Any CPU.ActiveCfg = Release|Any CPU
		{FB833EE6-4CF0-4649-8B7C-173C29148987}.SingleImage|Any CPU.Build.0 = Release|Any CPU
		{FB833EE6-4CF0-4649-8B7C-173C29148987}.SingleImage|Mixed Platforms.ActiveCfg = Release|Any CPU
		{FB833EE6-4CF0-4649-8B7C-173C29148987}.SingleImage|Mixed Platforms.Build.0 = Release|Any CPU
		{FB833EE6-4CF0-4649-8B7C-173C29148987}.SingleImage|x86.ActiveCfg = Release|Any CPU
		{FB833EE6-4CF0-4649-8B7C-173C29148987}.WebDeployment|Any CPU.ActiveCfg = Release|Any CPU
		{FB833EE6-4CF0-4649-8B7C-173C29148987}.WebDeployment|Any CPU.Build.0 = Release|Any CPU
		{FB833EE6-4CF0-4649-8B7C-173C29148987}.WebDeployment|Mixed Platforms.ActiveCfg = Release|Any CPU
		{FB833EE6-4CF0-4649-8B7C-173C29148987}.WebDeployment|Mixed Platforms.Build.0 = Release|Any CPU
		{FB833EE6-4CF0-4649-8B7C-173C29148987}.WebDeployment|x86.ActiveCfg = Release|Any CPU
		{4FB70EA6-9CD9-4087-898E-F383B490F23E}.CD_ROM|Any CPU.ActiveCfg = Release|Any CPU
		{4FB70EA6-9CD9-4087-898E-F383B490F23E}.CD_ROM|Any CPU.Build.0 = Release|Any CPU
		{4FB70EA6-9CD9-4087-898E-F383B490F23E}.CD_ROM|Mixed Platforms.ActiveCfg = Release|Any CPU
		{4FB70EA6-9CD9-4087-898E-F383B490F23E}.CD_ROM|Mixed Platforms.Build.0 = Release|Any CPU
		{4FB70EA6-9CD9-4087-898E-F383B490F23E}.CD_ROM|x86.ActiveCfg = Release|Any CPU
		{4FB70EA6-9CD9-4087-898E-F383B490F23E}.Custom|Any CPU.ActiveCfg = Release|Any CPU
		{4FB70EA6-9CD9-4087-898E-F383B490F23E}.Custom|Any CPU.Build.0 = Release|Any CPU
		{4FB70EA6-9CD9-4087-898E-F383B490F23E}.Custom|Mixed Platforms.ActiveCfg = Release|Any CPU
		{4FB70EA6-9CD9-4087-898E-F383B490F23E}.Custom|Mixed Platforms.Build.0 = Release|Any CPU
		{4FB70EA6-9CD9-4087-898E-F383B490F23E}.Custom|x86.ActiveCfg = Release|Any CPU
		{4FB70EA6-9CD9-4087-898E-F383B490F23E}.Debug|Any CPU.ActiveCfg = Debug|Any CPU
		{4FB70EA6-9CD9-4087-898E-F383B490F23E}.Debug|Any CPU.Build.0 = Debug|Any CPU
		{4FB70EA6-9CD9-4087-898E-F383B490F23E}.Debug|Mixed Platforms.ActiveCfg = Debug|Any CPU
		{4FB70EA6-9CD9-4087-898E-F383B490F23E}.Debug|Mixed Platforms.Build.0 = Debug|Any CPU
		{4FB70EA6-9CD9-4087-898E-F383B490F23E}.Debug|x86.ActiveCfg = Debug|Any CPU
		{4FB70EA6-9CD9-4087-898E-F383B490F23E}.Debug|x86.Build.0 = Debug|Any CPU
		{4FB70EA6-9CD9-4087-898E-F383B490F23E}.DVD-10|Any CPU.ActiveCfg = Debug|Any CPU
		{4FB70EA6-9CD9-4087-898E-F383B490F23E}.DVD-10|Any CPU.Build.0 = Debug|Any CPU
		{4FB70EA6-9CD9-4087-898E-F383B490F23E}.DVD-10|Mixed Platforms.ActiveCfg = Debug|Any CPU
		{4FB70EA6-9CD9-4087-898E-F383B490F23E}.DVD-10|Mixed Platforms.Build.0 = Debug|Any CPU
		{4FB70EA6-9CD9-4087-898E-F383B490F23E}.DVD-10|x86.ActiveCfg = Debug|Any CPU
		{4FB70EA6-9CD9-4087-898E-F383B490F23E}.DVD-18|Any CPU.ActiveCfg = Debug|Any CPU
		{4FB70EA6-9CD9-4087-898E-F383B490F23E}.DVD-18|Any CPU.Build.0 = Debug|Any CPU
		{4FB70EA6-9CD9-4087-898E-F383B490F23E}.DVD-18|Mixed Platforms.ActiveCfg = Debug|Any CPU
		{4FB70EA6-9CD9-4087-898E-F383B490F23E}.DVD-18|Mixed Platforms.Build.0 = Debug|Any CPU
		{4FB70EA6-9CD9-4087-898E-F383B490F23E}.DVD-18|x86.ActiveCfg = Debug|Any CPU
		{4FB70EA6-9CD9-4087-898E-F383B490F23E}.DVD-5|Any CPU.ActiveCfg = Debug|Any CPU
		{4FB70EA6-9CD9-4087-898E-F383B490F23E}.DVD-5|Any CPU.Build.0 = Debug|Any CPU
		{4FB70EA6-9CD9-4087-898E-F383B490F23E}.DVD-5|Mixed Platforms.ActiveCfg = Debug|Any CPU
		{4FB70EA6-9CD9-4087-898E-F383B490F23E}.DVD-5|Mixed Platforms.Build.0 = Debug|Any CPU
		{4FB70EA6-9CD9-4087-898E-F383B490F23E}.DVD-5|x86.ActiveCfg = Debug|Any CPU
		{4FB70EA6-9CD9-4087-898E-F383B490F23E}.DVD-9|Any CPU.ActiveCfg = Debug|Any CPU
		{4FB70EA6-9CD9-4087-898E-F383B490F23E}.DVD-9|Any CPU.Build.0 = Debug|Any CPU
		{4FB70EA6-9CD9-4087-898E-F383B490F23E}.DVD-9|Mixed Platforms.ActiveCfg = Debug|Any CPU
		{4FB70EA6-9CD9-4087-898E-F383B490F23E}.DVD-9|Mixed Platforms.Build.0 = Debug|Any CPU
		{4FB70EA6-9CD9-4087-898E-F383B490F23E}.DVD-9|x86.ActiveCfg = Debug|Any CPU
		{4FB70EA6-9CD9-4087-898E-F383B490F23E}.Release|Any CPU.ActiveCfg = Release|Any CPU
		{4FB70EA6-9CD9-4087-898E-F383B490F23E}.Release|Any CPU.Build.0 = Release|Any CPU
		{4FB70EA6-9CD9-4087-898E-F383B490F23E}.Release|Mixed Platforms.ActiveCfg = Release|Any CPU
		{4FB70EA6-9CD9-4087-898E-F383B490F23E}.Release|Mixed Platforms.Build.0 = Release|Any CPU
		{4FB70EA6-9CD9-4087-898E-F383B490F23E}.Release|x86.ActiveCfg = Release|Any CPU
		{4FB70EA6-9CD9-4087-898E-F383B490F23E}.SingleImage|Any CPU.ActiveCfg = Release|Any CPU
		{4FB70EA6-9CD9-4087-898E-F383B490F23E}.SingleImage|Any CPU.Build.0 = Release|Any CPU
		{4FB70EA6-9CD9-4087-898E-F383B490F23E}.SingleImage|Mixed Platforms.ActiveCfg = Release|Any CPU
		{4FB70EA6-9CD9-4087-898E-F383B490F23E}.SingleImage|Mixed Platforms.Build.0 = Release|Any CPU
		{4FB70EA6-9CD9-4087-898E-F383B490F23E}.SingleImage|x86.ActiveCfg = Release|Any CPU
		{4FB70EA6-9CD9-4087-898E-F383B490F23E}.WebDeployment|Any CPU.ActiveCfg = Release|Any CPU
		{4FB70EA6-9CD9-4087-898E-F383B490F23E}.WebDeployment|Any CPU.Build.0 = Release|Any CPU
		{4FB70EA6-9CD9-4087-898E-F383B490F23E}.WebDeployment|Mixed Platforms.ActiveCfg = Release|Any CPU
		{4FB70EA6-9CD9-4087-898E-F383B490F23E}.WebDeployment|Mixed Platforms.Build.0 = Release|Any CPU
		{4FB70EA6-9CD9-4087-898E-F383B490F23E}.WebDeployment|x86.ActiveCfg = Release|Any CPU
		{F13CCA93-BFD5-41D8-A149-CFB261782FD5}.CD_ROM|Any CPU.ActiveCfg = Release|Any CPU
		{F13CCA93-BFD5-41D8-A149-CFB261782FD5}.CD_ROM|Any CPU.Build.0 = Release|Any CPU
		{F13CCA93-BFD5-41D8-A149-CFB261782FD5}.CD_ROM|Mixed Platforms.ActiveCfg = Release|x86
		{F13CCA93-BFD5-41D8-A149-CFB261782FD5}.CD_ROM|Mixed Platforms.Build.0 = Release|x86
		{F13CCA93-BFD5-41D8-A149-CFB261782FD5}.CD_ROM|x86.ActiveCfg = Release|x86
		{F13CCA93-BFD5-41D8-A149-CFB261782FD5}.CD_ROM|x86.Build.0 = Release|x86
		{F13CCA93-BFD5-41D8-A149-CFB261782FD5}.Custom|Any CPU.ActiveCfg = Release|Any CPU
		{F13CCA93-BFD5-41D8-A149-CFB261782FD5}.Custom|Any CPU.Build.0 = Release|Any CPU
		{F13CCA93-BFD5-41D8-A149-CFB261782FD5}.Custom|Mixed Platforms.ActiveCfg = Release|x86
		{F13CCA93-BFD5-41D8-A149-CFB261782FD5}.Custom|Mixed Platforms.Build.0 = Release|x86
		{F13CCA93-BFD5-41D8-A149-CFB261782FD5}.Custom|x86.ActiveCfg = Release|x86
		{F13CCA93-BFD5-41D8-A149-CFB261782FD5}.Custom|x86.Build.0 = Release|x86
		{F13CCA93-BFD5-41D8-A149-CFB261782FD5}.Debug|Any CPU.ActiveCfg = Debug|Any CPU
		{F13CCA93-BFD5-41D8-A149-CFB261782FD5}.Debug|Any CPU.Build.0 = Debug|Any CPU
		{F13CCA93-BFD5-41D8-A149-CFB261782FD5}.Debug|Mixed Platforms.ActiveCfg = Debug|x86
		{F13CCA93-BFD5-41D8-A149-CFB261782FD5}.Debug|Mixed Platforms.Build.0 = Debug|x86
		{F13CCA93-BFD5-41D8-A149-CFB261782FD5}.Debug|x86.ActiveCfg = Debug|x86
		{F13CCA93-BFD5-41D8-A149-CFB261782FD5}.Debug|x86.Build.0 = Debug|x86
		{F13CCA93-BFD5-41D8-A149-CFB261782FD5}.DVD-10|Any CPU.ActiveCfg = Debug|Any CPU
		{F13CCA93-BFD5-41D8-A149-CFB261782FD5}.DVD-10|Any CPU.Build.0 = Debug|Any CPU
		{F13CCA93-BFD5-41D8-A149-CFB261782FD5}.DVD-10|Mixed Platforms.ActiveCfg = Debug|x86
		{F13CCA93-BFD5-41D8-A149-CFB261782FD5}.DVD-10|Mixed Platforms.Build.0 = Debug|x86
		{F13CCA93-BFD5-41D8-A149-CFB261782FD5}.DVD-10|x86.ActiveCfg = Debug|x86
		{F13CCA93-BFD5-41D8-A149-CFB261782FD5}.DVD-10|x86.Build.0 = Debug|x86
		{F13CCA93-BFD5-41D8-A149-CFB261782FD5}.DVD-18|Any CPU.ActiveCfg = Debug|Any CPU
		{F13CCA93-BFD5-41D8-A149-CFB261782FD5}.DVD-18|Any CPU.Build.0 = Debug|Any CPU
		{F13CCA93-BFD5-41D8-A149-CFB261782FD5}.DVD-18|Mixed Platforms.ActiveCfg = Debug|x86
		{F13CCA93-BFD5-41D8-A149-CFB261782FD5}.DVD-18|Mixed Platforms.Build.0 = Debug|x86
		{F13CCA93-BFD5-41D8-A149-CFB261782FD5}.DVD-18|x86.ActiveCfg = Debug|x86
		{F13CCA93-BFD5-41D8-A149-CFB261782FD5}.DVD-18|x86.Build.0 = Debug|x86
		{F13CCA93-BFD5-41D8-A149-CFB261782FD5}.DVD-5|Any CPU.ActiveCfg = Debug|Any CPU
		{F13CCA93-BFD5-41D8-A149-CFB261782FD5}.DVD-5|Any CPU.Build.0 = Debug|Any CPU
		{F13CCA93-BFD5-41D8-A149-CFB261782FD5}.DVD-5|Mixed Platforms.ActiveCfg = Debug|x86
		{F13CCA93-BFD5-41D8-A149-CFB261782FD5}.DVD-5|Mixed Platforms.Build.0 = Debug|x86
		{F13CCA93-BFD5-41D8-A149-CFB261782FD5}.DVD-5|x86.ActiveCfg = Debug|x86
		{F13CCA93-BFD5-41D8-A149-CFB261782FD5}.DVD-5|x86.Build.0 = Debug|x86
		{F13CCA93-BFD5-41D8-A149-CFB261782FD5}.DVD-9|Any CPU.ActiveCfg = Debug|Any CPU
		{F13CCA93-BFD5-41D8-A149-CFB261782FD5}.DVD-9|Any CPU.Build.0 = Debug|Any CPU
		{F13CCA93-BFD5-41D8-A149-CFB261782FD5}.DVD-9|Mixed Platforms.ActiveCfg = Debug|x86
		{F13CCA93-BFD5-41D8-A149-CFB261782FD5}.DVD-9|Mixed Platforms.Build.0 = Debug|x86
		{F13CCA93-BFD5-41D8-A149-CFB261782FD5}.DVD-9|x86.ActiveCfg = Debug|x86
		{F13CCA93-BFD5-41D8-A149-CFB261782FD5}.DVD-9|x86.Build.0 = Debug|x86
		{F13CCA93-BFD5-41D8-A149-CFB261782FD5}.Release|Any CPU.ActiveCfg = Release|Any CPU
		{F13CCA93-BFD5-41D8-A149-CFB261782FD5}.Release|Any CPU.Build.0 = Release|Any CPU
		{F13CCA93-BFD5-41D8-A149-CFB261782FD5}.Release|Mixed Platforms.ActiveCfg = Release|x86
		{F13CCA93-BFD5-41D8-A149-CFB261782FD5}.Release|Mixed Platforms.Build.0 = Release|x86
		{F13CCA93-BFD5-41D8-A149-CFB261782FD5}.Release|x86.ActiveCfg = Release|x86
		{F13CCA93-BFD5-41D8-A149-CFB261782FD5}.Release|x86.Build.0 = Release|x86
		{F13CCA93-BFD5-41D8-A149-CFB261782FD5}.SingleImage|Any CPU.ActiveCfg = Release|Any CPU
		{F13CCA93-BFD5-41D8-A149-CFB261782FD5}.SingleImage|Any CPU.Build.0 = Release|Any CPU
		{F13CCA93-BFD5-41D8-A149-CFB261782FD5}.SingleImage|Mixed Platforms.ActiveCfg = Release|x86
		{F13CCA93-BFD5-41D8-A149-CFB261782FD5}.SingleImage|Mixed Platforms.Build.0 = Release|x86
		{F13CCA93-BFD5-41D8-A149-CFB261782FD5}.SingleImage|x86.ActiveCfg = Release|x86
		{F13CCA93-BFD5-41D8-A149-CFB261782FD5}.SingleImage|x86.Build.0 = Release|x86
		{F13CCA93-BFD5-41D8-A149-CFB261782FD5}.WebDeployment|Any CPU.ActiveCfg = Release|Any CPU
		{F13CCA93-BFD5-41D8-A149-CFB261782FD5}.WebDeployment|Any CPU.Build.0 = Release|Any CPU
		{F13CCA93-BFD5-41D8-A149-CFB261782FD5}.WebDeployment|Mixed Platforms.ActiveCfg = Release|x86
		{F13CCA93-BFD5-41D8-A149-CFB261782FD5}.WebDeployment|Mixed Platforms.Build.0 = Release|x86
		{F13CCA93-BFD5-41D8-A149-CFB261782FD5}.WebDeployment|x86.ActiveCfg = Release|x86
		{F13CCA93-BFD5-41D8-A149-CFB261782FD5}.WebDeployment|x86.Build.0 = Release|x86
		{2602C695-D9F7-46CE-8C9A-412F78313201}.CD_ROM|Any CPU.ActiveCfg = Release|Any CPU
		{2602C695-D9F7-46CE-8C9A-412F78313201}.CD_ROM|Any CPU.Build.0 = Release|Any CPU
		{2602C695-D9F7-46CE-8C9A-412F78313201}.CD_ROM|Mixed Platforms.ActiveCfg = Release|x86
		{2602C695-D9F7-46CE-8C9A-412F78313201}.CD_ROM|Mixed Platforms.Build.0 = Release|x86
		{2602C695-D9F7-46CE-8C9A-412F78313201}.CD_ROM|x86.ActiveCfg = Release|x86
		{2602C695-D9F7-46CE-8C9A-412F78313201}.CD_ROM|x86.Build.0 = Release|x86
		{2602C695-D9F7-46CE-8C9A-412F78313201}.Custom|Any CPU.ActiveCfg = Release|Any CPU
		{2602C695-D9F7-46CE-8C9A-412F78313201}.Custom|Any CPU.Build.0 = Release|Any CPU
		{2602C695-D9F7-46CE-8C9A-412F78313201}.Custom|Mixed Platforms.ActiveCfg = Release|x86
		{2602C695-D9F7-46CE-8C9A-412F78313201}.Custom|Mixed Platforms.Build.0 = Release|x86
		{2602C695-D9F7-46CE-8C9A-412F78313201}.Custom|x86.ActiveCfg = Release|x86
		{2602C695-D9F7-46CE-8C9A-412F78313201}.Custom|x86.Build.0 = Release|x86
		{2602C695-D9F7-46CE-8C9A-412F78313201}.Debug|Any CPU.ActiveCfg = Debug|Any CPU
		{2602C695-D9F7-46CE-8C9A-412F78313201}.Debug|Any CPU.Build.0 = Debug|Any CPU
		{2602C695-D9F7-46CE-8C9A-412F78313201}.Debug|Mixed Platforms.ActiveCfg = Debug|x86
		{2602C695-D9F7-46CE-8C9A-412F78313201}.Debug|Mixed Platforms.Build.0 = Debug|x86
		{2602C695-D9F7-46CE-8C9A-412F78313201}.Debug|x86.ActiveCfg = Debug|x86
		{2602C695-D9F7-46CE-8C9A-412F78313201}.Debug|x86.Build.0 = Debug|x86
		{2602C695-D9F7-46CE-8C9A-412F78313201}.DVD-10|Any CPU.ActiveCfg = Debug|Any CPU
		{2602C695-D9F7-46CE-8C9A-412F78313201}.DVD-10|Any CPU.Build.0 = Debug|Any CPU
		{2602C695-D9F7-46CE-8C9A-412F78313201}.DVD-10|Mixed Platforms.ActiveCfg = Debug|x86
		{2602C695-D9F7-46CE-8C9A-412F78313201}.DVD-10|Mixed Platforms.Build.0 = Debug|x86
		{2602C695-D9F7-46CE-8C9A-412F78313201}.DVD-10|x86.ActiveCfg = Debug|x86
		{2602C695-D9F7-46CE-8C9A-412F78313201}.DVD-10|x86.Build.0 = Debug|x86
		{2602C695-D9F7-46CE-8C9A-412F78313201}.DVD-18|Any CPU.ActiveCfg = Debug|Any CPU
		{2602C695-D9F7-46CE-8C9A-412F78313201}.DVD-18|Any CPU.Build.0 = Debug|Any CPU
		{2602C695-D9F7-46CE-8C9A-412F78313201}.DVD-18|Mixed Platforms.ActiveCfg = Debug|x86
		{2602C695-D9F7-46CE-8C9A-412F78313201}.DVD-18|Mixed Platforms.Build.0 = Debug|x86
		{2602C695-D9F7-46CE-8C9A-412F78313201}.DVD-18|x86.ActiveCfg = Debug|x86
		{2602C695-D9F7-46CE-8C9A-412F78313201}.DVD-18|x86.Build.0 = Debug|x86
		{2602C695-D9F7-46CE-8C9A-412F78313201}.DVD-5|Any CPU.ActiveCfg = Debug|Any CPU
		{2602C695-D9F7-46CE-8C9A-412F78313201}.DVD-5|Any CPU.Build.0 = Debug|Any CPU
		{2602C695-D9F7-46CE-8C9A-412F78313201}.DVD-5|Mixed Platforms.ActiveCfg = Debug|x86
		{2602C695-D9F7-46CE-8C9A-412F78313201}.DVD-5|Mixed Platforms.Build.0 = Debug|x86
		{2602C695-D9F7-46CE-8C9A-412F78313201}.DVD-5|x86.ActiveCfg = Debug|x86
		{2602C695-D9F7-46CE-8C9A-412F78313201}.DVD-5|x86.Build.0 = Debug|x86
		{2602C695-D9F7-46CE-8C9A-412F78313201}.DVD-9|Any CPU.ActiveCfg = Debug|Any CPU
		{2602C695-D9F7-46CE-8C9A-412F78313201}.DVD-9|Any CPU.Build.0 = Debug|Any CPU
		{2602C695-D9F7-46CE-8C9A-412F78313201}.DVD-9|Mixed Platforms.ActiveCfg = Debug|x86
		{2602C695-D9F7-46CE-8C9A-412F78313201}.DVD-9|Mixed Platforms.Build.0 = Debug|x86
		{2602C695-D9F7-46CE-8C9A-412F78313201}.DVD-9|x86.ActiveCfg = Debug|x86
		{2602C695-D9F7-46CE-8C9A-412F78313201}.DVD-9|x86.Build.0 = Debug|x86
		{2602C695-D9F7-46CE-8C9A-412F78313201}.Release|Any CPU.ActiveCfg = Release|Any CPU
		{2602C695-D9F7-46CE-8C9A-412F78313201}.Release|Any CPU.Build.0 = Release|Any CPU
		{2602C695-D9F7-46CE-8C9A-412F78313201}.Release|Mixed Platforms.ActiveCfg = Release|x86
		{2602C695-D9F7-46CE-8C9A-412F78313201}.Release|Mixed Platforms.Build.0 = Release|x86
		{2602C695-D9F7-46CE-8C9A-412F78313201}.Release|x86.ActiveCfg = Release|x86
		{2602C695-D9F7-46CE-8C9A-412F78313201}.Release|x86.Build.0 = Release|x86
		{2602C695-D9F7-46CE-8C9A-412F78313201}.SingleImage|Any CPU.ActiveCfg = Release|Any CPU
		{2602C695-D9F7-46CE-8C9A-412F78313201}.SingleImage|Any CPU.Build.0 = Release|Any CPU
		{2602C695-D9F7-46CE-8C9A-412F78313201}.SingleImage|Mixed Platforms.ActiveCfg = Release|x86
		{2602C695-D9F7-46CE-8C9A-412F78313201}.SingleImage|Mixed Platforms.Build.0 = Release|x86
		{2602C695-D9F7-46CE-8C9A-412F78313201}.SingleImage|x86.ActiveCfg = Release|x86
		{2602C695-D9F7-46CE-8C9A-412F78313201}.SingleImage|x86.Build.0 = Release|x86
		{2602C695-D9F7-46CE-8C9A-412F78313201}.WebDeployment|Any CPU.ActiveCfg = Release|Any CPU
		{2602C695-D9F7-46CE-8C9A-412F78313201}.WebDeployment|Any CPU.Build.0 = Release|Any CPU
		{2602C695-D9F7-46CE-8C9A-412F78313201}.WebDeployment|Mixed Platforms.ActiveCfg = Release|x86
		{2602C695-D9F7-46CE-8C9A-412F78313201}.WebDeployment|Mixed Platforms.Build.0 = Release|x86
		{2602C695-D9F7-46CE-8C9A-412F78313201}.WebDeployment|x86.ActiveCfg = Release|x86
		{2602C695-D9F7-46CE-8C9A-412F78313201}.WebDeployment|x86.Build.0 = Release|x86
		{CD79625B-D00A-4397-BED0-A2E704B06FE3}.CD_ROM|Any CPU.ActiveCfg = Release|Any CPU
		{CD79625B-D00A-4397-BED0-A2E704B06FE3}.CD_ROM|Any CPU.Build.0 = Release|Any CPU
		{CD79625B-D00A-4397-BED0-A2E704B06FE3}.CD_ROM|Mixed Platforms.ActiveCfg = Release|x86
		{CD79625B-D00A-4397-BED0-A2E704B06FE3}.CD_ROM|Mixed Platforms.Build.0 = Release|x86
		{CD79625B-D00A-4397-BED0-A2E704B06FE3}.CD_ROM|x86.ActiveCfg = Release|x86
		{CD79625B-D00A-4397-BED0-A2E704B06FE3}.CD_ROM|x86.Build.0 = Release|x86
		{CD79625B-D00A-4397-BED0-A2E704B06FE3}.Custom|Any CPU.ActiveCfg = Release|Any CPU
		{CD79625B-D00A-4397-BED0-A2E704B06FE3}.Custom|Any CPU.Build.0 = Release|Any CPU
		{CD79625B-D00A-4397-BED0-A2E704B06FE3}.Custom|Mixed Platforms.ActiveCfg = Release|x86
		{CD79625B-D00A-4397-BED0-A2E704B06FE3}.Custom|Mixed Platforms.Build.0 = Release|x86
		{CD79625B-D00A-4397-BED0-A2E704B06FE3}.Custom|x86.ActiveCfg = Release|x86
		{CD79625B-D00A-4397-BED0-A2E704B06FE3}.Custom|x86.Build.0 = Release|x86
		{CD79625B-D00A-4397-BED0-A2E704B06FE3}.Debug|Any CPU.ActiveCfg = Debug|Any CPU
		{CD79625B-D00A-4397-BED0-A2E704B06FE3}.Debug|Any CPU.Build.0 = Debug|Any CPU
		{CD79625B-D00A-4397-BED0-A2E704B06FE3}.Debug|Mixed Platforms.ActiveCfg = Debug|x86
		{CD79625B-D00A-4397-BED0-A2E704B06FE3}.Debug|Mixed Platforms.Build.0 = Debug|x86
		{CD79625B-D00A-4397-BED0-A2E704B06FE3}.Debug|x86.ActiveCfg = Debug|x86
		{CD79625B-D00A-4397-BED0-A2E704B06FE3}.Debug|x86.Build.0 = Debug|x86
		{CD79625B-D00A-4397-BED0-A2E704B06FE3}.DVD-10|Any CPU.ActiveCfg = Debug|Any CPU
		{CD79625B-D00A-4397-BED0-A2E704B06FE3}.DVD-10|Any CPU.Build.0 = Debug|Any CPU
		{CD79625B-D00A-4397-BED0-A2E704B06FE3}.DVD-10|Mixed Platforms.ActiveCfg = Debug|x86
		{CD79625B-D00A-4397-BED0-A2E704B06FE3}.DVD-10|Mixed Platforms.Build.0 = Debug|x86
		{CD79625B-D00A-4397-BED0-A2E704B06FE3}.DVD-10|x86.ActiveCfg = Debug|x86
		{CD79625B-D00A-4397-BED0-A2E704B06FE3}.DVD-10|x86.Build.0 = Debug|x86
		{CD79625B-D00A-4397-BED0-A2E704B06FE3}.DVD-18|Any CPU.ActiveCfg = Debug|Any CPU
		{CD79625B-D00A-4397-BED0-A2E704B06FE3}.DVD-18|Any CPU.Build.0 = Debug|Any CPU
		{CD79625B-D00A-4397-BED0-A2E704B06FE3}.DVD-18|Mixed Platforms.ActiveCfg = Debug|x86
		{CD79625B-D00A-4397-BED0-A2E704B06FE3}.DVD-18|Mixed Platforms.Build.0 = Debug|x86
		{CD79625B-D00A-4397-BED0-A2E704B06FE3}.DVD-18|x86.ActiveCfg = Debug|x86
		{CD79625B-D00A-4397-BED0-A2E704B06FE3}.DVD-18|x86.Build.0 = Debug|x86
		{CD79625B-D00A-4397-BED0-A2E704B06FE3}.DVD-5|Any CPU.ActiveCfg = Debug|Any CPU
		{CD79625B-D00A-4397-BED0-A2E704B06FE3}.DVD-5|Any CPU.Build.0 = Debug|Any CPU
		{CD79625B-D00A-4397-BED0-A2E704B06FE3}.DVD-5|Mixed Platforms.ActiveCfg = Debug|x86
		{CD79625B-D00A-4397-BED0-A2E704B06FE3}.DVD-5|Mixed Platforms.Build.0 = Debug|x86
		{CD79625B-D00A-4397-BED0-A2E704B06FE3}.DVD-5|x86.ActiveCfg = Debug|x86
		{CD79625B-D00A-4397-BED0-A2E704B06FE3}.DVD-5|x86.Build.0 = Debug|x86
		{CD79625B-D00A-4397-BED0-A2E704B06FE3}.DVD-9|Any CPU.ActiveCfg = Debug|Any CPU
		{CD79625B-D00A-4397-BED0-A2E704B06FE3}.DVD-9|Any CPU.Build.0 = Debug|Any CPU
		{CD79625B-D00A-4397-BED0-A2E704B06FE3}.DVD-9|Mixed Platforms.ActiveCfg = Debug|x86
		{CD79625B-D00A-4397-BED0-A2E704B06FE3}.DVD-9|Mixed Platforms.Build.0 = Debug|x86
		{CD79625B-D00A-4397-BED0-A2E704B06FE3}.DVD-9|x86.ActiveCfg = Debug|x86
		{CD79625B-D00A-4397-BED0-A2E704B06FE3}.DVD-9|x86.Build.0 = Debug|x86
		{CD79625B-D00A-4397-BED0-A2E704B06FE3}.Release|Any CPU.ActiveCfg = Release|Any CPU
		{CD79625B-D00A-4397-BED0-A2E704B06FE3}.Release|Any CPU.Build.0 = Release|Any CPU
		{CD79625B-D00A-4397-BED0-A2E704B06FE3}.Release|Mixed Platforms.ActiveCfg = Release|x86
		{CD79625B-D00A-4397-BED0-A2E704B06FE3}.Release|Mixed Platforms.Build.0 = Release|x86
		{CD79625B-D00A-4397-BED0-A2E704B06FE3}.Release|x86.ActiveCfg = Release|x86
		{CD79625B-D00A-4397-BED0-A2E704B06FE3}.Release|x86.Build.0 = Release|x86
		{CD79625B-D00A-4397-BED0-A2E704B06FE3}.SingleImage|Any CPU.ActiveCfg = Release|Any CPU
		{CD79625B-D00A-4397-BED0-A2E704B06FE3}.SingleImage|Any CPU.Build.0 = Release|Any CPU
		{CD79625B-D00A-4397-BED0-A2E704B06FE3}.SingleImage|Mixed Platforms.ActiveCfg = Release|x86
		{CD79625B-D00A-4397-BED0-A2E704B06FE3}.SingleImage|Mixed Platforms.Build.0 = Release|x86
		{CD79625B-D00A-4397-BED0-A2E704B06FE3}.SingleImage|x86.ActiveCfg = Release|x86
		{CD79625B-D00A-4397-BED0-A2E704B06FE3}.SingleImage|x86.Build.0 = Release|x86
		{CD79625B-D00A-4397-BED0-A2E704B06FE3}.WebDeployment|Any CPU.ActiveCfg = Release|Any CPU
		{CD79625B-D00A-4397-BED0-A2E704B06FE3}.WebDeployment|Any CPU.Build.0 = Release|Any CPU
		{CD79625B-D00A-4397-BED0-A2E704B06FE3}.WebDeployment|Mixed Platforms.ActiveCfg = Release|x86
		{CD79625B-D00A-4397-BED0-A2E704B06FE3}.WebDeployment|Mixed Platforms.Build.0 = Release|x86
		{CD79625B-D00A-4397-BED0-A2E704B06FE3}.WebDeployment|x86.ActiveCfg = Release|x86
		{CD79625B-D00A-4397-BED0-A2E704B06FE3}.WebDeployment|x86.Build.0 = Release|x86
		{84E49DBD-2FBA-42BB-9216-BFA562BEF8BB}.CD_ROM|Any CPU.ActiveCfg = Release|Any CPU
		{84E49DBD-2FBA-42BB-9216-BFA562BEF8BB}.CD_ROM|Any CPU.Build.0 = Release|Any CPU
		{84E49DBD-2FBA-42BB-9216-BFA562BEF8BB}.CD_ROM|Mixed Platforms.ActiveCfg = Release|x86
		{84E49DBD-2FBA-42BB-9216-BFA562BEF8BB}.CD_ROM|Mixed Platforms.Build.0 = Release|x86
		{84E49DBD-2FBA-42BB-9216-BFA562BEF8BB}.CD_ROM|x86.ActiveCfg = Release|x86
		{84E49DBD-2FBA-42BB-9216-BFA562BEF8BB}.CD_ROM|x86.Build.0 = Release|x86
		{84E49DBD-2FBA-42BB-9216-BFA562BEF8BB}.Custom|Any CPU.ActiveCfg = Release|Any CPU
		{84E49DBD-2FBA-42BB-9216-BFA562BEF8BB}.Custom|Any CPU.Build.0 = Release|Any CPU
		{84E49DBD-2FBA-42BB-9216-BFA562BEF8BB}.Custom|Mixed Platforms.ActiveCfg = Release|x86
		{84E49DBD-2FBA-42BB-9216-BFA562BEF8BB}.Custom|Mixed Platforms.Build.0 = Release|x86
		{84E49DBD-2FBA-42BB-9216-BFA562BEF8BB}.Custom|x86.ActiveCfg = Release|x86
		{84E49DBD-2FBA-42BB-9216-BFA562BEF8BB}.Custom|x86.Build.0 = Release|x86
		{84E49DBD-2FBA-42BB-9216-BFA562BEF8BB}.Debug|Any CPU.ActiveCfg = Debug|Any CPU
		{84E49DBD-2FBA-42BB-9216-BFA562BEF8BB}.Debug|Any CPU.Build.0 = Debug|Any CPU
		{84E49DBD-2FBA-42BB-9216-BFA562BEF8BB}.Debug|Mixed Platforms.ActiveCfg = Debug|x86
		{84E49DBD-2FBA-42BB-9216-BFA562BEF8BB}.Debug|Mixed Platforms.Build.0 = Debug|x86
		{84E49DBD-2FBA-42BB-9216-BFA562BEF8BB}.Debug|x86.ActiveCfg = Debug|x86
		{84E49DBD-2FBA-42BB-9216-BFA562BEF8BB}.Debug|x86.Build.0 = Debug|x86
		{84E49DBD-2FBA-42BB-9216-BFA562BEF8BB}.DVD-10|Any CPU.ActiveCfg = Debug|Any CPU
		{84E49DBD-2FBA-42BB-9216-BFA562BEF8BB}.DVD-10|Any CPU.Build.0 = Debug|Any CPU
		{84E49DBD-2FBA-42BB-9216-BFA562BEF8BB}.DVD-10|Mixed Platforms.ActiveCfg = Debug|x86
		{84E49DBD-2FBA-42BB-9216-BFA562BEF8BB}.DVD-10|Mixed Platforms.Build.0 = Debug|x86
		{84E49DBD-2FBA-42BB-9216-BFA562BEF8BB}.DVD-10|x86.ActiveCfg = Debug|x86
		{84E49DBD-2FBA-42BB-9216-BFA562BEF8BB}.DVD-10|x86.Build.0 = Debug|x86
		{84E49DBD-2FBA-42BB-9216-BFA562BEF8BB}.DVD-18|Any CPU.ActiveCfg = Debug|Any CPU
		{84E49DBD-2FBA-42BB-9216-BFA562BEF8BB}.DVD-18|Any CPU.Build.0 = Debug|Any CPU
		{84E49DBD-2FBA-42BB-9216-BFA562BEF8BB}.DVD-18|Mixed Platforms.ActiveCfg = Debug|x86
		{84E49DBD-2FBA-42BB-9216-BFA562BEF8BB}.DVD-18|Mixed Platforms.Build.0 = Debug|x86
		{84E49DBD-2FBA-42BB-9216-BFA562BEF8BB}.DVD-18|x86.ActiveCfg = Debug|x86
		{84E49DBD-2FBA-42BB-9216-BFA562BEF8BB}.DVD-18|x86.Build.0 = Debug|x86
		{84E49DBD-2FBA-42BB-9216-BFA562BEF8BB}.DVD-5|Any CPU.ActiveCfg = Debug|Any CPU
		{84E49DBD-2FBA-42BB-9216-BFA562BEF8BB}.DVD-5|Any CPU.Build.0 = Debug|Any CPU
		{84E49DBD-2FBA-42BB-9216-BFA562BEF8BB}.DVD-5|Mixed Platforms.ActiveCfg = Debug|x86
		{84E49DBD-2FBA-42BB-9216-BFA562BEF8BB}.DVD-5|Mixed Platforms.Build.0 = Debug|x86
		{84E49DBD-2FBA-42BB-9216-BFA562BEF8BB}.DVD-5|x86.ActiveCfg = Debug|x86
		{84E49DBD-2FBA-42BB-9216-BFA562BEF8BB}.DVD-5|x86.Build.0 = Debug|x86
		{84E49DBD-2FBA-42BB-9216-BFA562BEF8BB}.DVD-9|Any CPU.ActiveCfg = Debug|Any CPU
		{84E49DBD-2FBA-42BB-9216-BFA562BEF8BB}.DVD-9|Any CPU.Build.0 = Debug|Any CPU
		{84E49DBD-2FBA-42BB-9216-BFA562BEF8BB}.DVD-9|Mixed Platforms.ActiveCfg = Debug|x86
		{84E49DBD-2FBA-42BB-9216-BFA562BEF8BB}.DVD-9|Mixed Platforms.Build.0 = Debug|x86
		{84E49DBD-2FBA-42BB-9216-BFA562BEF8BB}.DVD-9|x86.ActiveCfg = Debug|x86
		{84E49DBD-2FBA-42BB-9216-BFA562BEF8BB}.DVD-9|x86.Build.0 = Debug|x86
		{84E49DBD-2FBA-42BB-9216-BFA562BEF8BB}.Release|Any CPU.ActiveCfg = Release|Any CPU
		{84E49DBD-2FBA-42BB-9216-BFA562BEF8BB}.Release|Any CPU.Build.0 = Release|Any CPU
		{84E49DBD-2FBA-42BB-9216-BFA562BEF8BB}.Release|Mixed Platforms.ActiveCfg = Release|x86
		{84E49DBD-2FBA-42BB-9216-BFA562BEF8BB}.Release|Mixed Platforms.Build.0 = Release|x86
		{84E49DBD-2FBA-42BB-9216-BFA562BEF8BB}.Release|x86.ActiveCfg = Release|x86
		{84E49DBD-2FBA-42BB-9216-BFA562BEF8BB}.Release|x86.Build.0 = Release|x86
		{84E49DBD-2FBA-42BB-9216-BFA562BEF8BB}.SingleImage|Any CPU.ActiveCfg = Release|Any CPU
		{84E49DBD-2FBA-42BB-9216-BFA562BEF8BB}.SingleImage|Any CPU.Build.0 = Release|Any CPU
		{84E49DBD-2FBA-42BB-9216-BFA562BEF8BB}.SingleImage|Mixed Platforms.ActiveCfg = Release|x86
		{84E49DBD-2FBA-42BB-9216-BFA562BEF8BB}.SingleImage|Mixed Platforms.Build.0 = Release|x86
		{84E49DBD-2FBA-42BB-9216-BFA562BEF8BB}.SingleImage|x86.ActiveCfg = Release|x86
		{84E49DBD-2FBA-42BB-9216-BFA562BEF8BB}.SingleImage|x86.Build.0 = Release|x86
		{84E49DBD-2FBA-42BB-9216-BFA562BEF8BB}.WebDeployment|Any CPU.ActiveCfg = Release|Any CPU
		{84E49DBD-2FBA-42BB-9216-BFA562BEF8BB}.WebDeployment|Any CPU.Build.0 = Release|Any CPU
		{84E49DBD-2FBA-42BB-9216-BFA562BEF8BB}.WebDeployment|Mixed Platforms.ActiveCfg = Release|x86
		{84E49DBD-2FBA-42BB-9216-BFA562BEF8BB}.WebDeployment|Mixed Platforms.Build.0 = Release|x86
		{84E49DBD-2FBA-42BB-9216-BFA562BEF8BB}.WebDeployment|x86.ActiveCfg = Release|x86
		{84E49DBD-2FBA-42BB-9216-BFA562BEF8BB}.WebDeployment|x86.Build.0 = Release|x86
		{8085FB2F-3908-4450-B06A-D1C7468F0D0B}.CD_ROM|Any CPU.ActiveCfg = Release|Any CPU
		{8085FB2F-3908-4450-B06A-D1C7468F0D0B}.CD_ROM|Any CPU.Build.0 = Release|Any CPU
		{8085FB2F-3908-4450-B06A-D1C7468F0D0B}.CD_ROM|Mixed Platforms.ActiveCfg = Release|Any CPU
		{8085FB2F-3908-4450-B06A-D1C7468F0D0B}.CD_ROM|Mixed Platforms.Build.0 = Release|Any CPU
		{8085FB2F-3908-4450-B06A-D1C7468F0D0B}.CD_ROM|x86.ActiveCfg = Release|Any CPU
		{8085FB2F-3908-4450-B06A-D1C7468F0D0B}.Custom|Any CPU.ActiveCfg = Release|Any CPU
		{8085FB2F-3908-4450-B06A-D1C7468F0D0B}.Custom|Any CPU.Build.0 = Release|Any CPU
		{8085FB2F-3908-4450-B06A-D1C7468F0D0B}.Custom|Mixed Platforms.ActiveCfg = Release|Any CPU
		{8085FB2F-3908-4450-B06A-D1C7468F0D0B}.Custom|Mixed Platforms.Build.0 = Release|Any CPU
		{8085FB2F-3908-4450-B06A-D1C7468F0D0B}.Custom|x86.ActiveCfg = Release|Any CPU
		{8085FB2F-3908-4450-B06A-D1C7468F0D0B}.Debug|Any CPU.ActiveCfg = Debug|Any CPU
		{8085FB2F-3908-4450-B06A-D1C7468F0D0B}.Debug|Any CPU.Build.0 = Debug|Any CPU
		{8085FB2F-3908-4450-B06A-D1C7468F0D0B}.Debug|Mixed Platforms.ActiveCfg = Debug|Any CPU
		{8085FB2F-3908-4450-B06A-D1C7468F0D0B}.Debug|Mixed Platforms.Build.0 = Debug|Any CPU
		{8085FB2F-3908-4450-B06A-D1C7468F0D0B}.Debug|x86.ActiveCfg = Debug|Any CPU
		{8085FB2F-3908-4450-B06A-D1C7468F0D0B}.Debug|x86.Build.0 = Debug|Any CPU
		{8085FB2F-3908-4450-B06A-D1C7468F0D0B}.DVD-10|Any CPU.ActiveCfg = Debug|Any CPU
		{8085FB2F-3908-4450-B06A-D1C7468F0D0B}.DVD-10|Any CPU.Build.0 = Debug|Any CPU
		{8085FB2F-3908-4450-B06A-D1C7468F0D0B}.DVD-10|Mixed Platforms.ActiveCfg = Debug|Any CPU
		{8085FB2F-3908-4450-B06A-D1C7468F0D0B}.DVD-10|Mixed Platforms.Build.0 = Debug|Any CPU
		{8085FB2F-3908-4450-B06A-D1C7468F0D0B}.DVD-10|x86.ActiveCfg = Debug|Any CPU
		{8085FB2F-3908-4450-B06A-D1C7468F0D0B}.DVD-18|Any CPU.ActiveCfg = Debug|Any CPU
		{8085FB2F-3908-4450-B06A-D1C7468F0D0B}.DVD-18|Any CPU.Build.0 = Debug|Any CPU
		{8085FB2F-3908-4450-B06A-D1C7468F0D0B}.DVD-18|Mixed Platforms.ActiveCfg = Debug|Any CPU
		{8085FB2F-3908-4450-B06A-D1C7468F0D0B}.DVD-18|Mixed Platforms.Build.0 = Debug|Any CPU
		{8085FB2F-3908-4450-B06A-D1C7468F0D0B}.DVD-18|x86.ActiveCfg = Debug|Any CPU
		{8085FB2F-3908-4450-B06A-D1C7468F0D0B}.DVD-5|Any CPU.ActiveCfg = Debug|Any CPU
		{8085FB2F-3908-4450-B06A-D1C7468F0D0B}.DVD-5|Any CPU.Build.0 = Debug|Any CPU
		{8085FB2F-3908-4450-B06A-D1C7468F0D0B}.DVD-5|Mixed Platforms.ActiveCfg = Debug|Any CPU
		{8085FB2F-3908-4450-B06A-D1C7468F0D0B}.DVD-5|Mixed Platforms.Build.0 = Debug|Any CPU
		{8085FB2F-3908-4450-B06A-D1C7468F0D0B}.DVD-5|x86.ActiveCfg = Debug|Any CPU
		{8085FB2F-3908-4450-B06A-D1C7468F0D0B}.DVD-9|Any CPU.ActiveCfg = Debug|Any CPU
		{8085FB2F-3908-4450-B06A-D1C7468F0D0B}.DVD-9|Any CPU.Build.0 = Debug|Any CPU
		{8085FB2F-3908-4450-B06A-D1C7468F0D0B}.DVD-9|Mixed Platforms.ActiveCfg = Debug|Any CPU
		{8085FB2F-3908-4450-B06A-D1C7468F0D0B}.DVD-9|Mixed Platforms.Build.0 = Debug|Any CPU
		{8085FB2F-3908-4450-B06A-D1C7468F0D0B}.DVD-9|x86.ActiveCfg = Debug|Any CPU
		{8085FB2F-3908-4450-B06A-D1C7468F0D0B}.Release|Any CPU.ActiveCfg = Release|Any CPU
		{8085FB2F-3908-4450-B06A-D1C7468F0D0B}.Release|Any CPU.Build.0 = Release|Any CPU
		{8085FB2F-3908-4450-B06A-D1C7468F0D0B}.Release|Mixed Platforms.ActiveCfg = Release|Any CPU
		{8085FB2F-3908-4450-B06A-D1C7468F0D0B}.Release|Mixed Platforms.Build.0 = Release|Any CPU
		{8085FB2F-3908-4450-B06A-D1C7468F0D0B}.Release|x86.ActiveCfg = Release|Any CPU
		{8085FB2F-3908-4450-B06A-D1C7468F0D0B}.SingleImage|Any CPU.ActiveCfg = Release|Any CPU
		{8085FB2F-3908-4450-B06A-D1C7468F0D0B}.SingleImage|Any CPU.Build.0 = Release|Any CPU
		{8085FB2F-3908-4450-B06A-D1C7468F0D0B}.SingleImage|Mixed Platforms.ActiveCfg = Release|Any CPU
		{8085FB2F-3908-4450-B06A-D1C7468F0D0B}.SingleImage|Mixed Platforms.Build.0 = Release|Any CPU
		{8085FB2F-3908-4450-B06A-D1C7468F0D0B}.SingleImage|x86.ActiveCfg = Release|Any CPU
		{8085FB2F-3908-4450-B06A-D1C7468F0D0B}.WebDeployment|Any CPU.ActiveCfg = Release|Any CPU
		{8085FB2F-3908-4450-B06A-D1C7468F0D0B}.WebDeployment|Any CPU.Build.0 = Release|Any CPU
		{8085FB2F-3908-4450-B06A-D1C7468F0D0B}.WebDeployment|Mixed Platforms.ActiveCfg = Release|Any CPU
		{8085FB2F-3908-4450-B06A-D1C7468F0D0B}.WebDeployment|Mixed Platforms.Build.0 = Release|Any CPU
		{8085FB2F-3908-4450-B06A-D1C7468F0D0B}.WebDeployment|x86.ActiveCfg = Release|Any CPU
		{F68D84A2-62E8-4015-91BB-5AAF545F0AE8}.CD_ROM|Any CPU.ActiveCfg = Release|Any CPU
		{F68D84A2-62E8-4015-91BB-5AAF545F0AE8}.CD_ROM|Any CPU.Build.0 = Release|Any CPU
		{F68D84A2-62E8-4015-91BB-5AAF545F0AE8}.CD_ROM|Mixed Platforms.ActiveCfg = Release|Any CPU
		{F68D84A2-62E8-4015-91BB-5AAF545F0AE8}.CD_ROM|Mixed Platforms.Build.0 = Release|Any CPU
		{F68D84A2-62E8-4015-91BB-5AAF545F0AE8}.CD_ROM|x86.ActiveCfg = Release|Any CPU
		{F68D84A2-62E8-4015-91BB-5AAF545F0AE8}.Custom|Any CPU.ActiveCfg = Release|Any CPU
		{F68D84A2-62E8-4015-91BB-5AAF545F0AE8}.Custom|Any CPU.Build.0 = Release|Any CPU
		{F68D84A2-62E8-4015-91BB-5AAF545F0AE8}.Custom|Mixed Platforms.ActiveCfg = Release|Any CPU
		{F68D84A2-62E8-4015-91BB-5AAF545F0AE8}.Custom|Mixed Platforms.Build.0 = Release|Any CPU
		{F68D84A2-62E8-4015-91BB-5AAF545F0AE8}.Custom|x86.ActiveCfg = Release|Any CPU
		{F68D84A2-62E8-4015-91BB-5AAF545F0AE8}.Debug|Any CPU.ActiveCfg = Debug|Any CPU
		{F68D84A2-62E8-4015-91BB-5AAF545F0AE8}.Debug|Any CPU.Build.0 = Debug|Any CPU
		{F68D84A2-62E8-4015-91BB-5AAF545F0AE8}.Debug|Mixed Platforms.ActiveCfg = Debug|Any CPU
		{F68D84A2-62E8-4015-91BB-5AAF545F0AE8}.Debug|Mixed Platforms.Build.0 = Debug|Any CPU
		{F68D84A2-62E8-4015-91BB-5AAF545F0AE8}.Debug|x86.ActiveCfg = Debug|Any CPU
		{F68D84A2-62E8-4015-91BB-5AAF545F0AE8}.Debug|x86.Build.0 = Debug|Any CPU
		{F68D84A2-62E8-4015-91BB-5AAF545F0AE8}.DVD-10|Any CPU.ActiveCfg = Debug|Any CPU
		{F68D84A2-62E8-4015-91BB-5AAF545F0AE8}.DVD-10|Any CPU.Build.0 = Debug|Any CPU
		{F68D84A2-62E8-4015-91BB-5AAF545F0AE8}.DVD-10|Mixed Platforms.ActiveCfg = Debug|Any CPU
		{F68D84A2-62E8-4015-91BB-5AAF545F0AE8}.DVD-10|Mixed Platforms.Build.0 = Debug|Any CPU
		{F68D84A2-62E8-4015-91BB-5AAF545F0AE8}.DVD-10|x86.ActiveCfg = Debug|Any CPU
		{F68D84A2-62E8-4015-91BB-5AAF545F0AE8}.DVD-18|Any CPU.ActiveCfg = Debug|Any CPU
		{F68D84A2-62E8-4015-91BB-5AAF545F0AE8}.DVD-18|Any CPU.Build.0 = Debug|Any CPU
		{F68D84A2-62E8-4015-91BB-5AAF545F0AE8}.DVD-18|Mixed Platforms.ActiveCfg = Debug|Any CPU
		{F68D84A2-62E8-4015-91BB-5AAF545F0AE8}.DVD-18|Mixed Platforms.Build.0 = Debug|Any CPU
		{F68D84A2-62E8-4015-91BB-5AAF545F0AE8}.DVD-18|x86.ActiveCfg = Debug|Any CPU
		{F68D84A2-62E8-4015-91BB-5AAF545F0AE8}.DVD-5|Any CPU.ActiveCfg = Debug|Any CPU
		{F68D84A2-62E8-4015-91BB-5AAF545F0AE8}.DVD-5|Any CPU.Build.0 = Debug|Any CPU
		{F68D84A2-62E8-4015-91BB-5AAF545F0AE8}.DVD-5|Mixed Platforms.ActiveCfg = Debug|Any CPU
		{F68D84A2-62E8-4015-91BB-5AAF545F0AE8}.DVD-5|Mixed Platforms.Build.0 = Debug|Any CPU
		{F68D84A2-62E8-4015-91BB-5AAF545F0AE8}.DVD-5|x86.ActiveCfg = Debug|Any CPU
		{F68D84A2-62E8-4015-91BB-5AAF545F0AE8}.DVD-9|Any CPU.ActiveCfg = Debug|Any CPU
		{F68D84A2-62E8-4015-91BB-5AAF545F0AE8}.DVD-9|Any CPU.Build.0 = Debug|Any CPU
		{F68D84A2-62E8-4015-91BB-5AAF545F0AE8}.DVD-9|Mixed Platforms.ActiveCfg = Debug|Any CPU
		{F68D84A2-62E8-4015-91BB-5AAF545F0AE8}.DVD-9|Mixed Platforms.Build.0 = Debug|Any CPU
		{F68D84A2-62E8-4015-91BB-5AAF545F0AE8}.DVD-9|x86.ActiveCfg = Debug|Any CPU
		{F68D84A2-62E8-4015-91BB-5AAF545F0AE8}.Release|Any CPU.ActiveCfg = Release|Any CPU
		{F68D84A2-62E8-4015-91BB-5AAF545F0AE8}.Release|Any CPU.Build.0 = Release|Any CPU
		{F68D84A2-62E8-4015-91BB-5AAF545F0AE8}.Release|Mixed Platforms.ActiveCfg = Release|Any CPU
		{F68D84A2-62E8-4015-91BB-5AAF545F0AE8}.Release|Mixed Platforms.Build.0 = Release|Any CPU
		{F68D84A2-62E8-4015-91BB-5AAF545F0AE8}.Release|x86.ActiveCfg = Release|Any CPU
		{F68D84A2-62E8-4015-91BB-5AAF545F0AE8}.SingleImage|Any CPU.ActiveCfg = Release|Any CPU
		{F68D84A2-62E8-4015-91BB-5AAF545F0AE8}.SingleImage|Any CPU.Build.0 = Release|Any CPU
		{F68D84A2-62E8-4015-91BB-5AAF545F0AE8}.SingleImage|Mixed Platforms.ActiveCfg = Release|Any CPU
		{F68D84A2-62E8-4015-91BB-5AAF545F0AE8}.SingleImage|Mixed Platforms.Build.0 = Release|Any CPU
		{F68D84A2-62E8-4015-91BB-5AAF545F0AE8}.SingleImage|x86.ActiveCfg = Release|Any CPU
		{F68D84A2-62E8-4015-91BB-5AAF545F0AE8}.WebDeployment|Any CPU.ActiveCfg = Release|Any CPU
		{F68D84A2-62E8-4015-91BB-5AAF545F0AE8}.WebDeployment|Any CPU.Build.0 = Release|Any CPU
		{F68D84A2-62E8-4015-91BB-5AAF545F0AE8}.WebDeployment|Mixed Platforms.ActiveCfg = Release|Any CPU
		{F68D84A2-62E8-4015-91BB-5AAF545F0AE8}.WebDeployment|Mixed Platforms.Build.0 = Release|Any CPU
		{F68D84A2-62E8-4015-91BB-5AAF545F0AE8}.WebDeployment|x86.ActiveCfg = Release|Any CPU
		{9DF7C27C-11BB-4E66-8EDE-8DF58C4DA167}.CD_ROM|Any CPU.ActiveCfg = Release|Any CPU
		{9DF7C27C-11BB-4E66-8EDE-8DF58C4DA167}.CD_ROM|Any CPU.Build.0 = Release|Any CPU
		{9DF7C27C-11BB-4E66-8EDE-8DF58C4DA167}.CD_ROM|Mixed Platforms.ActiveCfg = Release|Any CPU
		{9DF7C27C-11BB-4E66-8EDE-8DF58C4DA167}.CD_ROM|Mixed Platforms.Build.0 = Release|Any CPU
		{9DF7C27C-11BB-4E66-8EDE-8DF58C4DA167}.CD_ROM|x86.ActiveCfg = Release|Any CPU
		{9DF7C27C-11BB-4E66-8EDE-8DF58C4DA167}.Custom|Any CPU.ActiveCfg = Release|Any CPU
		{9DF7C27C-11BB-4E66-8EDE-8DF58C4DA167}.Custom|Any CPU.Build.0 = Release|Any CPU
		{9DF7C27C-11BB-4E66-8EDE-8DF58C4DA167}.Custom|Mixed Platforms.ActiveCfg = Release|Any CPU
		{9DF7C27C-11BB-4E66-8EDE-8DF58C4DA167}.Custom|Mixed Platforms.Build.0 = Release|Any CPU
		{9DF7C27C-11BB-4E66-8EDE-8DF58C4DA167}.Custom|x86.ActiveCfg = Release|Any CPU
		{9DF7C27C-11BB-4E66-8EDE-8DF58C4DA167}.Debug|Any CPU.ActiveCfg = Debug|Any CPU
		{9DF7C27C-11BB-4E66-8EDE-8DF58C4DA167}.Debug|Any CPU.Build.0 = Debug|Any CPU
		{9DF7C27C-11BB-4E66-8EDE-8DF58C4DA167}.Debug|Mixed Platforms.ActiveCfg = Debug|Any CPU
		{9DF7C27C-11BB-4E66-8EDE-8DF58C4DA167}.Debug|Mixed Platforms.Build.0 = Debug|Any CPU
		{9DF7C27C-11BB-4E66-8EDE-8DF58C4DA167}.Debug|x86.ActiveCfg = Debug|Any CPU
		{9DF7C27C-11BB-4E66-8EDE-8DF58C4DA167}.Debug|x86.Build.0 = Debug|Any CPU
		{9DF7C27C-11BB-4E66-8EDE-8DF58C4DA167}.DVD-10|Any CPU.ActiveCfg = Debug|Any CPU
		{9DF7C27C-11BB-4E66-8EDE-8DF58C4DA167}.DVD-10|Any CPU.Build.0 = Debug|Any CPU
		{9DF7C27C-11BB-4E66-8EDE-8DF58C4DA167}.DVD-10|Mixed Platforms.ActiveCfg = Debug|Any CPU
		{9DF7C27C-11BB-4E66-8EDE-8DF58C4DA167}.DVD-10|Mixed Platforms.Build.0 = Debug|Any CPU
		{9DF7C27C-11BB-4E66-8EDE-8DF58C4DA167}.DVD-10|x86.ActiveCfg = Debug|Any CPU
		{9DF7C27C-11BB-4E66-8EDE-8DF58C4DA167}.DVD-18|Any CPU.ActiveCfg = Debug|Any CPU
		{9DF7C27C-11BB-4E66-8EDE-8DF58C4DA167}.DVD-18|Any CPU.Build.0 = Debug|Any CPU
		{9DF7C27C-11BB-4E66-8EDE-8DF58C4DA167}.DVD-18|Mixed Platforms.ActiveCfg = Debug|Any CPU
		{9DF7C27C-11BB-4E66-8EDE-8DF58C4DA167}.DVD-18|Mixed Platforms.Build.0 = Debug|Any CPU
		{9DF7C27C-11BB-4E66-8EDE-8DF58C4DA167}.DVD-18|x86.ActiveCfg = Debug|Any CPU
		{9DF7C27C-11BB-4E66-8EDE-8DF58C4DA167}.DVD-5|Any CPU.ActiveCfg = Debug|Any CPU
		{9DF7C27C-11BB-4E66-8EDE-8DF58C4DA167}.DVD-5|Any CPU.Build.0 = Debug|Any CPU
		{9DF7C27C-11BB-4E66-8EDE-8DF58C4DA167}.DVD-5|Mixed Platforms.ActiveCfg = Debug|Any CPU
		{9DF7C27C-11BB-4E66-8EDE-8DF58C4DA167}.DVD-5|Mixed Platforms.Build.0 = Debug|Any CPU
		{9DF7C27C-11BB-4E66-8EDE-8DF58C4DA167}.DVD-5|x86.ActiveCfg = Debug|Any CPU
		{9DF7C27C-11BB-4E66-8EDE-8DF58C4DA167}.DVD-9|Any CPU.ActiveCfg = Debug|Any CPU
		{9DF7C27C-11BB-4E66-8EDE-8DF58C4DA167}.DVD-9|Any CPU.Build.0 = Debug|Any CPU
		{9DF7C27C-11BB-4E66-8EDE-8DF58C4DA167}.DVD-9|Mixed Platforms.ActiveCfg = Debug|Any CPU
		{9DF7C27C-11BB-4E66-8EDE-8DF58C4DA167}.DVD-9|Mixed Platforms.Build.0 = Debug|Any CPU
		{9DF7C27C-11BB-4E66-8EDE-8DF58C4DA167}.DVD-9|x86.ActiveCfg = Debug|Any CPU
		{9DF7C27C-11BB-4E66-8EDE-8DF58C4DA167}.Release|Any CPU.ActiveCfg = Release|Any CPU
		{9DF7C27C-11BB-4E66-8EDE-8DF58C4DA167}.Release|Any CPU.Build.0 = Release|Any CPU
		{9DF7C27C-11BB-4E66-8EDE-8DF58C4DA167}.Release|Mixed Platforms.ActiveCfg = Release|Any CPU
		{9DF7C27C-11BB-4E66-8EDE-8DF58C4DA167}.Release|Mixed Platforms.Build.0 = Release|Any CPU
		{9DF7C27C-11BB-4E66-8EDE-8DF58C4DA167}.Release|x86.ActiveCfg = Release|Any CPU
		{9DF7C27C-11BB-4E66-8EDE-8DF58C4DA167}.SingleImage|Any CPU.ActiveCfg = Release|Any CPU
		{9DF7C27C-11BB-4E66-8EDE-8DF58C4DA167}.SingleImage|Any CPU.Build.0 = Release|Any CPU
		{9DF7C27C-11BB-4E66-8EDE-8DF58C4DA167}.SingleImage|Mixed Platforms.ActiveCfg = Release|Any CPU
		{9DF7C27C-11BB-4E66-8EDE-8DF58C4DA167}.SingleImage|Mixed Platforms.Build.0 = Release|Any CPU
		{9DF7C27C-11BB-4E66-8EDE-8DF58C4DA167}.SingleImage|x86.ActiveCfg = Release|Any CPU
		{9DF7C27C-11BB-4E66-8EDE-8DF58C4DA167}.WebDeployment|Any CPU.ActiveCfg = Release|Any CPU
		{9DF7C27C-11BB-4E66-8EDE-8DF58C4DA167}.WebDeployment|Any CPU.Build.0 = Release|Any CPU
		{9DF7C27C-11BB-4E66-8EDE-8DF58C4DA167}.WebDeployment|Mixed Platforms.ActiveCfg = Release|Any CPU
		{9DF7C27C-11BB-4E66-8EDE-8DF58C4DA167}.WebDeployment|Mixed Platforms.Build.0 = Release|Any CPU
		{9DF7C27C-11BB-4E66-8EDE-8DF58C4DA167}.WebDeployment|x86.ActiveCfg = Release|Any CPU
		{A604DCE9-F5BA-4860-96FD-82807E71E29F}.CD_ROM|Any CPU.ActiveCfg = Release|Any CPU
		{A604DCE9-F5BA-4860-96FD-82807E71E29F}.CD_ROM|Any CPU.Build.0 = Release|Any CPU
		{A604DCE9-F5BA-4860-96FD-82807E71E29F}.CD_ROM|Mixed Platforms.ActiveCfg = Release|Any CPU
		{A604DCE9-F5BA-4860-96FD-82807E71E29F}.CD_ROM|Mixed Platforms.Build.0 = Release|Any CPU
		{A604DCE9-F5BA-4860-96FD-82807E71E29F}.CD_ROM|x86.ActiveCfg = Release|Any CPU
		{A604DCE9-F5BA-4860-96FD-82807E71E29F}.Custom|Any CPU.ActiveCfg = Release|Any CPU
		{A604DCE9-F5BA-4860-96FD-82807E71E29F}.Custom|Any CPU.Build.0 = Release|Any CPU
		{A604DCE9-F5BA-4860-96FD-82807E71E29F}.Custom|Mixed Platforms.ActiveCfg = Release|Any CPU
		{A604DCE9-F5BA-4860-96FD-82807E71E29F}.Custom|Mixed Platforms.Build.0 = Release|Any CPU
		{A604DCE9-F5BA-4860-96FD-82807E71E29F}.Custom|x86.ActiveCfg = Release|Any CPU
		{A604DCE9-F5BA-4860-96FD-82807E71E29F}.Debug|Any CPU.ActiveCfg = Debug|Any CPU
		{A604DCE9-F5BA-4860-96FD-82807E71E29F}.Debug|Any CPU.Build.0 = Debug|Any CPU
		{A604DCE9-F5BA-4860-96FD-82807E71E29F}.Debug|Mixed Platforms.ActiveCfg = Debug|Any CPU
		{A604DCE9-F5BA-4860-96FD-82807E71E29F}.Debug|Mixed Platforms.Build.0 = Debug|Any CPU
		{A604DCE9-F5BA-4860-96FD-82807E71E29F}.Debug|x86.ActiveCfg = Debug|Any CPU
		{A604DCE9-F5BA-4860-96FD-82807E71E29F}.Debug|x86.Build.0 = Debug|Any CPU
		{A604DCE9-F5BA-4860-96FD-82807E71E29F}.DVD-10|Any CPU.ActiveCfg = Debug|Any CPU
		{A604DCE9-F5BA-4860-96FD-82807E71E29F}.DVD-10|Any CPU.Build.0 = Debug|Any CPU
		{A604DCE9-F5BA-4860-96FD-82807E71E29F}.DVD-10|Mixed Platforms.ActiveCfg = Debug|Any CPU
		{A604DCE9-F5BA-4860-96FD-82807E71E29F}.DVD-10|Mixed Platforms.Build.0 = Debug|Any CPU
		{A604DCE9-F5BA-4860-96FD-82807E71E29F}.DVD-10|x86.ActiveCfg = Debug|Any CPU
		{A604DCE9-F5BA-4860-96FD-82807E71E29F}.DVD-18|Any CPU.ActiveCfg = Debug|Any CPU
		{A604DCE9-F5BA-4860-96FD-82807E71E29F}.DVD-18|Any CPU.Build.0 = Debug|Any CPU
		{A604DCE9-F5BA-4860-96FD-82807E71E29F}.DVD-18|Mixed Platforms.ActiveCfg = Debug|Any CPU
		{A604DCE9-F5BA-4860-96FD-82807E71E29F}.DVD-18|Mixed Platforms.Build.0 = Debug|Any CPU
		{A604DCE9-F5BA-4860-96FD-82807E71E29F}.DVD-18|x86.ActiveCfg = Debug|Any CPU
		{A604DCE9-F5BA-4860-96FD-82807E71E29F}.DVD-5|Any CPU.ActiveCfg = Debug|Any CPU
		{A604DCE9-F5BA-4860-96FD-82807E71E29F}.DVD-5|Any CPU.Build.0 = Debug|Any CPU
		{A604DCE9-F5BA-4860-96FD-82807E71E29F}.DVD-5|Mixed Platforms.ActiveCfg = Debug|Any CPU
		{A604DCE9-F5BA-4860-96FD-82807E71E29F}.DVD-5|Mixed Platforms.Build.0 = Debug|Any CPU
		{A604DCE9-F5BA-4860-96FD-82807E71E29F}.DVD-5|x86.ActiveCfg = Debug|Any CPU
		{A604DCE9-F5BA-4860-96FD-82807E71E29F}.DVD-9|Any CPU.ActiveCfg = Debug|Any CPU
		{A604DCE9-F5BA-4860-96FD-82807E71E29F}.DVD-9|Any CPU.Build.0 = Debug|Any CPU
		{A604DCE9-F5BA-4860-96FD-82807E71E29F}.DVD-9|Mixed Platforms.ActiveCfg = Debug|Any CPU
		{A604DCE9-F5BA-4860-96FD-82807E71E29F}.DVD-9|Mixed Platforms.Build.0 = Debug|Any CPU
		{A604DCE9-F5BA-4860-96FD-82807E71E29F}.DVD-9|x86.ActiveCfg = Debug|Any CPU
		{A604DCE9-F5BA-4860-96FD-82807E71E29F}.Release|Any CPU.ActiveCfg = Release|Any CPU
		{A604DCE9-F5BA-4860-96FD-82807E71E29F}.Release|Any CPU.Build.0 = Release|Any CPU
		{A604DCE9-F5BA-4860-96FD-82807E71E29F}.Release|Mixed Platforms.ActiveCfg = Release|Any CPU
		{A604DCE9-F5BA-4860-96FD-82807E71E29F}.Release|Mixed Platforms.Build.0 = Release|Any CPU
		{A604DCE9-F5BA-4860-96FD-82807E71E29F}.Release|x86.ActiveCfg = Release|Any CPU
		{A604DCE9-F5BA-4860-96FD-82807E71E29F}.SingleImage|Any CPU.ActiveCfg = Release|Any CPU
		{A604DCE9-F5BA-4860-96FD-82807E71E29F}.SingleImage|Any CPU.Build.0 = Release|Any CPU
		{A604DCE9-F5BA-4860-96FD-82807E71E29F}.SingleImage|Mixed Platforms.ActiveCfg = Release|Any CPU
		{A604DCE9-F5BA-4860-96FD-82807E71E29F}.SingleImage|Mixed Platforms.Build.0 = Release|Any CPU
		{A604DCE9-F5BA-4860-96FD-82807E71E29F}.SingleImage|x86.ActiveCfg = Release|Any CPU
		{A604DCE9-F5BA-4860-96FD-82807E71E29F}.WebDeployment|Any CPU.ActiveCfg = Release|Any CPU
		{A604DCE9-F5BA-4860-96FD-82807E71E29F}.WebDeployment|Any CPU.Build.0 = Release|Any CPU
		{A604DCE9-F5BA-4860-96FD-82807E71E29F}.WebDeployment|Mixed Platforms.ActiveCfg = Release|Any CPU
		{A604DCE9-F5BA-4860-96FD-82807E71E29F}.WebDeployment|Mixed Platforms.Build.0 = Release|Any CPU
		{A604DCE9-F5BA-4860-96FD-82807E71E29F}.WebDeployment|x86.ActiveCfg = Release|Any CPU
		{3CB89B06-7F78-447B-AD8F-0D5B8466676B}.CD_ROM|Any CPU.ActiveCfg = Release|Any CPU
		{3CB89B06-7F78-447B-AD8F-0D5B8466676B}.CD_ROM|Any CPU.Build.0 = Release|Any CPU
		{3CB89B06-7F78-447B-AD8F-0D5B8466676B}.CD_ROM|Mixed Platforms.ActiveCfg = Release|Any CPU
		{3CB89B06-7F78-447B-AD8F-0D5B8466676B}.CD_ROM|Mixed Platforms.Build.0 = Release|Any CPU
		{3CB89B06-7F78-447B-AD8F-0D5B8466676B}.CD_ROM|x86.ActiveCfg = Release|Any CPU
		{3CB89B06-7F78-447B-AD8F-0D5B8466676B}.Custom|Any CPU.ActiveCfg = Release|Any CPU
		{3CB89B06-7F78-447B-AD8F-0D5B8466676B}.Custom|Any CPU.Build.0 = Release|Any CPU
		{3CB89B06-7F78-447B-AD8F-0D5B8466676B}.Custom|Mixed Platforms.ActiveCfg = Release|Any CPU
		{3CB89B06-7F78-447B-AD8F-0D5B8466676B}.Custom|Mixed Platforms.Build.0 = Release|Any CPU
		{3CB89B06-7F78-447B-AD8F-0D5B8466676B}.Custom|x86.ActiveCfg = Release|Any CPU
		{3CB89B06-7F78-447B-AD8F-0D5B8466676B}.Debug|Any CPU.ActiveCfg = Debug|Any CPU
		{3CB89B06-7F78-447B-AD8F-0D5B8466676B}.Debug|Any CPU.Build.0 = Debug|Any CPU
		{3CB89B06-7F78-447B-AD8F-0D5B8466676B}.Debug|Mixed Platforms.ActiveCfg = Debug|Any CPU
		{3CB89B06-7F78-447B-AD8F-0D5B8466676B}.Debug|Mixed Platforms.Build.0 = Debug|Any CPU
		{3CB89B06-7F78-447B-AD8F-0D5B8466676B}.Debug|x86.ActiveCfg = Debug|Any CPU
		{3CB89B06-7F78-447B-AD8F-0D5B8466676B}.Debug|x86.Build.0 = Debug|Any CPU
		{3CB89B06-7F78-447B-AD8F-0D5B8466676B}.DVD-10|Any CPU.ActiveCfg = Debug|Any CPU
		{3CB89B06-7F78-447B-AD8F-0D5B8466676B}.DVD-10|Any CPU.Build.0 = Debug|Any CPU
		{3CB89B06-7F78-447B-AD8F-0D5B8466676B}.DVD-10|Mixed Platforms.ActiveCfg = Debug|Any CPU
		{3CB89B06-7F78-447B-AD8F-0D5B8466676B}.DVD-10|Mixed Platforms.Build.0 = Debug|Any CPU
		{3CB89B06-7F78-447B-AD8F-0D5B8466676B}.DVD-10|x86.ActiveCfg = Debug|Any CPU
		{3CB89B06-7F78-447B-AD8F-0D5B8466676B}.DVD-18|Any CPU.ActiveCfg = Debug|Any CPU
		{3CB89B06-7F78-447B-AD8F-0D5B8466676B}.DVD-18|Any CPU.Build.0 = Debug|Any CPU
		{3CB89B06-7F78-447B-AD8F-0D5B8466676B}.DVD-18|Mixed Platforms.ActiveCfg = Debug|Any CPU
		{3CB89B06-7F78-447B-AD8F-0D5B8466676B}.DVD-18|Mixed Platforms.Build.0 = Debug|Any CPU
		{3CB89B06-7F78-447B-AD8F-0D5B8466676B}.DVD-18|x86.ActiveCfg = Debug|Any CPU
		{3CB89B06-7F78-447B-AD8F-0D5B8466676B}.DVD-5|Any CPU.ActiveCfg = Debug|Any CPU
		{3CB89B06-7F78-447B-AD8F-0D5B8466676B}.DVD-5|Any CPU.Build.0 = Debug|Any CPU
		{3CB89B06-7F78-447B-AD8F-0D5B8466676B}.DVD-5|Mixed Platforms.ActiveCfg = Debug|Any CPU
		{3CB89B06-7F78-447B-AD8F-0D5B8466676B}.DVD-5|Mixed Platforms.Build.0 = Debug|Any CPU
		{3CB89B06-7F78-447B-AD8F-0D5B8466676B}.DVD-5|x86.ActiveCfg = Debug|Any CPU
		{3CB89B06-7F78-447B-AD8F-0D5B8466676B}.DVD-9|Any CPU.ActiveCfg = Debug|Any CPU
		{3CB89B06-7F78-447B-AD8F-0D5B8466676B}.DVD-9|Any CPU.Build.0 = Debug|Any CPU
		{3CB89B06-7F78-447B-AD8F-0D5B8466676B}.DVD-9|Mixed Platforms.ActiveCfg = Debug|Any CPU
		{3CB89B06-7F78-447B-AD8F-0D5B8466676B}.DVD-9|Mixed Platforms.Build.0 = Debug|Any CPU
		{3CB89B06-7F78-447B-AD8F-0D5B8466676B}.DVD-9|x86.ActiveCfg = Debug|Any CPU
		{3CB89B06-7F78-447B-AD8F-0D5B8466676B}.Release|Any CPU.ActiveCfg = Release|Any CPU
		{3CB89B06-7F78-447B-AD8F-0D5B8466676B}.Release|Any CPU.Build.0 = Release|Any CPU
		{3CB89B06-7F78-447B-AD8F-0D5B8466676B}.Release|Mixed Platforms.ActiveCfg = Release|Any CPU
		{3CB89B06-7F78-447B-AD8F-0D5B8466676B}.Release|Mixed Platforms.Build.0 = Release|Any CPU
		{3CB89B06-7F78-447B-AD8F-0D5B8466676B}.Release|x86.ActiveCfg = Release|Any CPU
		{3CB89B06-7F78-447B-AD8F-0D5B8466676B}.SingleImage|Any CPU.ActiveCfg = Release|Any CPU
		{3CB89B06-7F78-447B-AD8F-0D5B8466676B}.SingleImage|Any CPU.Build.0 = Release|Any CPU
		{3CB89B06-7F78-447B-AD8F-0D5B8466676B}.SingleImage|Mixed Platforms.ActiveCfg = Release|Any CPU
		{3CB89B06-7F78-447B-AD8F-0D5B8466676B}.SingleImage|Mixed Platforms.Build.0 = Release|Any CPU
		{3CB89B06-7F78-447B-AD8F-0D5B8466676B}.SingleImage|x86.ActiveCfg = Release|Any CPU
		{3CB89B06-7F78-447B-AD8F-0D5B8466676B}.WebDeployment|Any CPU.ActiveCfg = Release|Any CPU
		{3CB89B06-7F78-447B-AD8F-0D5B8466676B}.WebDeployment|Any CPU.Build.0 = Release|Any CPU
		{3CB89B06-7F78-447B-AD8F-0D5B8466676B}.WebDeployment|Mixed Platforms.ActiveCfg = Release|Any CPU
		{3CB89B06-7F78-447B-AD8F-0D5B8466676B}.WebDeployment|Mixed Platforms.Build.0 = Release|Any CPU
		{3CB89B06-7F78-447B-AD8F-0D5B8466676B}.WebDeployment|x86.ActiveCfg = Release|Any CPU
		{7B6536A7-6398-4136-BB10-EFD0F4C3601E}.CD_ROM|Any CPU.ActiveCfg = Release|Any CPU
		{7B6536A7-6398-4136-BB10-EFD0F4C3601E}.CD_ROM|Any CPU.Build.0 = Release|Any CPU
		{7B6536A7-6398-4136-BB10-EFD0F4C3601E}.CD_ROM|Mixed Platforms.ActiveCfg = Release|Any CPU
		{7B6536A7-6398-4136-BB10-EFD0F4C3601E}.CD_ROM|Mixed Platforms.Build.0 = Release|Any CPU
		{7B6536A7-6398-4136-BB10-EFD0F4C3601E}.CD_ROM|x86.ActiveCfg = Release|Any CPU
		{7B6536A7-6398-4136-BB10-EFD0F4C3601E}.Custom|Any CPU.ActiveCfg = Release|Any CPU
		{7B6536A7-6398-4136-BB10-EFD0F4C3601E}.Custom|Any CPU.Build.0 = Release|Any CPU
		{7B6536A7-6398-4136-BB10-EFD0F4C3601E}.Custom|Mixed Platforms.ActiveCfg = Release|Any CPU
		{7B6536A7-6398-4136-BB10-EFD0F4C3601E}.Custom|Mixed Platforms.Build.0 = Release|Any CPU
		{7B6536A7-6398-4136-BB10-EFD0F4C3601E}.Custom|x86.ActiveCfg = Release|Any CPU
		{7B6536A7-6398-4136-BB10-EFD0F4C3601E}.Debug|Any CPU.ActiveCfg = Debug|Any CPU
		{7B6536A7-6398-4136-BB10-EFD0F4C3601E}.Debug|Any CPU.Build.0 = Debug|Any CPU
		{7B6536A7-6398-4136-BB10-EFD0F4C3601E}.Debug|Mixed Platforms.ActiveCfg = Debug|Any CPU
		{7B6536A7-6398-4136-BB10-EFD0F4C3601E}.Debug|Mixed Platforms.Build.0 = Debug|Any CPU
		{7B6536A7-6398-4136-BB10-EFD0F4C3601E}.Debug|x86.ActiveCfg = Debug|Any CPU
		{7B6536A7-6398-4136-BB10-EFD0F4C3601E}.Debug|x86.Build.0 = Debug|Any CPU
		{7B6536A7-6398-4136-BB10-EFD0F4C3601E}.DVD-10|Any CPU.ActiveCfg = Debug|Any CPU
		{7B6536A7-6398-4136-BB10-EFD0F4C3601E}.DVD-10|Any CPU.Build.0 = Debug|Any CPU
		{7B6536A7-6398-4136-BB10-EFD0F4C3601E}.DVD-10|Mixed Platforms.ActiveCfg = Debug|Any CPU
		{7B6536A7-6398-4136-BB10-EFD0F4C3601E}.DVD-10|Mixed Platforms.Build.0 = Debug|Any CPU
		{7B6536A7-6398-4136-BB10-EFD0F4C3601E}.DVD-10|x86.ActiveCfg = Debug|Any CPU
		{7B6536A7-6398-4136-BB10-EFD0F4C3601E}.DVD-18|Any CPU.ActiveCfg = Debug|Any CPU
		{7B6536A7-6398-4136-BB10-EFD0F4C3601E}.DVD-18|Any CPU.Build.0 = Debug|Any CPU
		{7B6536A7-6398-4136-BB10-EFD0F4C3601E}.DVD-18|Mixed Platforms.ActiveCfg = Debug|Any CPU
		{7B6536A7-6398-4136-BB10-EFD0F4C3601E}.DVD-18|Mixed Platforms.Build.0 = Debug|Any CPU
		{7B6536A7-6398-4136-BB10-EFD0F4C3601E}.DVD-18|x86.ActiveCfg = Debug|Any CPU
		{7B6536A7-6398-4136-BB10-EFD0F4C3601E}.DVD-5|Any CPU.ActiveCfg = Debug|Any CPU
		{7B6536A7-6398-4136-BB10-EFD0F4C3601E}.DVD-5|Any CPU.Build.0 = Debug|Any CPU
		{7B6536A7-6398-4136-BB10-EFD0F4C3601E}.DVD-5|Mixed Platforms.ActiveCfg = Debug|Any CPU
		{7B6536A7-6398-4136-BB10-EFD0F4C3601E}.DVD-5|Mixed Platforms.Build.0 = Debug|Any CPU
		{7B6536A7-6398-4136-BB10-EFD0F4C3601E}.DVD-5|x86.ActiveCfg = Debug|Any CPU
		{7B6536A7-6398-4136-BB10-EFD0F4C3601E}.DVD-9|Any CPU.ActiveCfg = Debug|Any CPU
		{7B6536A7-6398-4136-BB10-EFD0F4C3601E}.DVD-9|Any CPU.Build.0 = Debug|Any CPU
		{7B6536A7-6398-4136-BB10-EFD0F4C3601E}.DVD-9|Mixed Platforms.ActiveCfg = Debug|Any CPU
		{7B6536A7-6398-4136-BB10-EFD0F4C3601E}.DVD-9|Mixed Platforms.Build.0 = Debug|Any CPU
		{7B6536A7-6398-4136-BB10-EFD0F4C3601E}.DVD-9|x86.ActiveCfg = Debug|Any CPU
		{7B6536A7-6398-4136-BB10-EFD0F4C3601E}.Release|Any CPU.ActiveCfg = Release|Any CPU
		{7B6536A7-6398-4136-BB10-EFD0F4C3601E}.Release|Any CPU.Build.0 = Release|Any CPU
		{7B6536A7-6398-4136-BB10-EFD0F4C3601E}.Release|Mixed Platforms.ActiveCfg = Release|Any CPU
		{7B6536A7-6398-4136-BB10-EFD0F4C3601E}.Release|Mixed Platforms.Build.0 = Release|Any CPU
		{7B6536A7-6398-4136-BB10-EFD0F4C3601E}.Release|x86.ActiveCfg = Release|Any CPU
		{7B6536A7-6398-4136-BB10-EFD0F4C3601E}.SingleImage|Any CPU.ActiveCfg = Release|Any CPU
		{7B6536A7-6398-4136-BB10-EFD0F4C3601E}.SingleImage|Any CPU.Build.0 = Release|Any CPU
		{7B6536A7-6398-4136-BB10-EFD0F4C3601E}.SingleImage|Mixed Platforms.ActiveCfg = Release|Any CPU
		{7B6536A7-6398-4136-BB10-EFD0F4C3601E}.SingleImage|Mixed Platforms.Build.0 = Release|Any CPU
		{7B6536A7-6398-4136-BB10-EFD0F4C3601E}.SingleImage|x86.ActiveCfg = Release|Any CPU
		{7B6536A7-6398-4136-BB10-EFD0F4C3601E}.WebDeployment|Any CPU.ActiveCfg = Release|Any CPU
		{7B6536A7-6398-4136-BB10-EFD0F4C3601E}.WebDeployment|Any CPU.Build.0 = Release|Any CPU
		{7B6536A7-6398-4136-BB10-EFD0F4C3601E}.WebDeployment|Mixed Platforms.ActiveCfg = Release|Any CPU
		{7B6536A7-6398-4136-BB10-EFD0F4C3601E}.WebDeployment|Mixed Platforms.Build.0 = Release|Any CPU
		{7B6536A7-6398-4136-BB10-EFD0F4C3601E}.WebDeployment|x86.ActiveCfg = Release|Any CPU
		{911D25C7-52BF-44F0-95B7-5C435D731A23}.CD_ROM|Any CPU.ActiveCfg = Release|Any CPU
		{911D25C7-52BF-44F0-95B7-5C435D731A23}.CD_ROM|Any CPU.Build.0 = Release|Any CPU
		{911D25C7-52BF-44F0-95B7-5C435D731A23}.CD_ROM|Mixed Platforms.ActiveCfg = Release|Any CPU
		{911D25C7-52BF-44F0-95B7-5C435D731A23}.CD_ROM|Mixed Platforms.Build.0 = Release|Any CPU
		{911D25C7-52BF-44F0-95B7-5C435D731A23}.CD_ROM|x86.ActiveCfg = Release|Any CPU
		{911D25C7-52BF-44F0-95B7-5C435D731A23}.Custom|Any CPU.ActiveCfg = Release|Any CPU
		{911D25C7-52BF-44F0-95B7-5C435D731A23}.Custom|Any CPU.Build.0 = Release|Any CPU
		{911D25C7-52BF-44F0-95B7-5C435D731A23}.Custom|Mixed Platforms.ActiveCfg = Release|Any CPU
		{911D25C7-52BF-44F0-95B7-5C435D731A23}.Custom|Mixed Platforms.Build.0 = Release|Any CPU
		{911D25C7-52BF-44F0-95B7-5C435D731A23}.Custom|x86.ActiveCfg = Release|Any CPU
		{911D25C7-52BF-44F0-95B7-5C435D731A23}.Debug|Any CPU.ActiveCfg = Debug|Any CPU
		{911D25C7-52BF-44F0-95B7-5C435D731A23}.Debug|Any CPU.Build.0 = Debug|Any CPU
		{911D25C7-52BF-44F0-95B7-5C435D731A23}.Debug|Mixed Platforms.ActiveCfg = Debug|Any CPU
		{911D25C7-52BF-44F0-95B7-5C435D731A23}.Debug|Mixed Platforms.Build.0 = Debug|Any CPU
		{911D25C7-52BF-44F0-95B7-5C435D731A23}.Debug|x86.ActiveCfg = Debug|Any CPU
		{911D25C7-52BF-44F0-95B7-5C435D731A23}.DVD-10|Any CPU.ActiveCfg = Debug|Any CPU
		{911D25C7-52BF-44F0-95B7-5C435D731A23}.DVD-10|Any CPU.Build.0 = Debug|Any CPU
		{911D25C7-52BF-44F0-95B7-5C435D731A23}.DVD-10|Mixed Platforms.ActiveCfg = Debug|Any CPU
		{911D25C7-52BF-44F0-95B7-5C435D731A23}.DVD-10|Mixed Platforms.Build.0 = Debug|Any CPU
		{911D25C7-52BF-44F0-95B7-5C435D731A23}.DVD-10|x86.ActiveCfg = Debug|Any CPU
		{911D25C7-52BF-44F0-95B7-5C435D731A23}.DVD-18|Any CPU.ActiveCfg = Debug|Any CPU
		{911D25C7-52BF-44F0-95B7-5C435D731A23}.DVD-18|Any CPU.Build.0 = Debug|Any CPU
		{911D25C7-52BF-44F0-95B7-5C435D731A23}.DVD-18|Mixed Platforms.ActiveCfg = Debug|Any CPU
		{911D25C7-52BF-44F0-95B7-5C435D731A23}.DVD-18|Mixed Platforms.Build.0 = Debug|Any CPU
		{911D25C7-52BF-44F0-95B7-5C435D731A23}.DVD-18|x86.ActiveCfg = Debug|Any CPU
		{911D25C7-52BF-44F0-95B7-5C435D731A23}.DVD-5|Any CPU.ActiveCfg = Debug|Any CPU
		{911D25C7-52BF-44F0-95B7-5C435D731A23}.DVD-5|Any CPU.Build.0 = Debug|Any CPU
		{911D25C7-52BF-44F0-95B7-5C435D731A23}.DVD-5|Mixed Platforms.ActiveCfg = Debug|Any CPU
		{911D25C7-52BF-44F0-95B7-5C435D731A23}.DVD-5|Mixed Platforms.Build.0 = Debug|Any CPU
		{911D25C7-52BF-44F0-95B7-5C435D731A23}.DVD-5|x86.ActiveCfg = Debug|Any CPU
		{911D25C7-52BF-44F0-95B7-5C435D731A23}.DVD-9|Any CPU.ActiveCfg = Debug|Any CPU
		{911D25C7-52BF-44F0-95B7-5C435D731A23}.DVD-9|Any CPU.Build.0 = Debug|Any CPU
		{911D25C7-52BF-44F0-95B7-5C435D731A23}.DVD-9|Mixed Platforms.ActiveCfg = Debug|Any CPU
		{911D25C7-52BF-44F0-95B7-5C435D731A23}.DVD-9|Mixed Platforms.Build.0 = Debug|Any CPU
		{911D25C7-52BF-44F0-95B7-5C435D731A23}.DVD-9|x86.ActiveCfg = Debug|Any CPU
		{911D25C7-52BF-44F0-95B7-5C435D731A23}.Release|Any CPU.ActiveCfg = Release|Any CPU
		{911D25C7-52BF-44F0-95B7-5C435D731A23}.Release|Any CPU.Build.0 = Release|Any CPU
		{911D25C7-52BF-44F0-95B7-5C435D731A23}.Release|Mixed Platforms.ActiveCfg = Release|Any CPU
		{911D25C7-52BF-44F0-95B7-5C435D731A23}.Release|Mixed Platforms.Build.0 = Release|Any CPU
		{911D25C7-52BF-44F0-95B7-5C435D731A23}.Release|x86.ActiveCfg = Release|Any CPU
		{911D25C7-52BF-44F0-95B7-5C435D731A23}.SingleImage|Any CPU.ActiveCfg = Release|Any CPU
		{911D25C7-52BF-44F0-95B7-5C435D731A23}.SingleImage|Any CPU.Build.0 = Release|Any CPU
		{911D25C7-52BF-44F0-95B7-5C435D731A23}.SingleImage|Mixed Platforms.ActiveCfg = Release|Any CPU
		{911D25C7-52BF-44F0-95B7-5C435D731A23}.SingleImage|Mixed Platforms.Build.0 = Release|Any CPU
		{911D25C7-52BF-44F0-95B7-5C435D731A23}.SingleImage|x86.ActiveCfg = Release|Any CPU
		{911D25C7-52BF-44F0-95B7-5C435D731A23}.WebDeployment|Any CPU.ActiveCfg = Release|Any CPU
		{911D25C7-52BF-44F0-95B7-5C435D731A23}.WebDeployment|Any CPU.Build.0 = Release|Any CPU
		{911D25C7-52BF-44F0-95B7-5C435D731A23}.WebDeployment|Mixed Platforms.ActiveCfg = Release|Any CPU
		{911D25C7-52BF-44F0-95B7-5C435D731A23}.WebDeployment|Mixed Platforms.Build.0 = Release|Any CPU
		{911D25C7-52BF-44F0-95B7-5C435D731A23}.WebDeployment|x86.ActiveCfg = Release|Any CPU
	EndGlobalSection
	GlobalSection(SolutionProperties) = preSolution
		HideSolutionNode = FALSE
	EndGlobalSection
	GlobalSection(NestedProjects) = preSolution
		{277E16F1-C607-49E4-BE7E-E578669C2DFE} = {02198966-6757-4463-A494-A3DD7B1F975C}
		{DB5CA939-57D8-48FB-B86D-649473EC0D4E} = {02198966-6757-4463-A494-A3DD7B1F975C}
		{80D88B3A-D915-4AD5-A92B-B7E60448C09E} = {02198966-6757-4463-A494-A3DD7B1F975C}
		{C29BBFAD-A884-4711-A652-09B2C9B90CEA} = {02198966-6757-4463-A494-A3DD7B1F975C}
		{D05743BB-7D5D-4D7C-A455-3BF2A974A0E6} = {02198966-6757-4463-A494-A3DD7B1F975C}
		{FB833EE6-4CF0-4649-8B7C-173C29148987} = {02198966-6757-4463-A494-A3DD7B1F975C}
		{FECEEB6D-9E12-44A5-827C-31F81EAD022A} = {02198966-6757-4463-A494-A3DD7B1F975C}
		{A604DCE9-F5BA-4860-96FD-82807E71E29F} = {02198966-6757-4463-A494-A3DD7B1F975C}
		{4FB70EA6-9CD9-4087-898E-F383B490F23E} = {5FCD4AF2-F9B8-4D38-9213-C717C9272B5D}
		{8085FB2F-3908-4450-B06A-D1C7468F0D0B} = {5FCD4AF2-F9B8-4D38-9213-C717C9272B5D}
		{F68D84A2-62E8-4015-91BB-5AAF545F0AE8} = {5FCD4AF2-F9B8-4D38-9213-C717C9272B5D}
		{9DF7C27C-11BB-4E66-8EDE-8DF58C4DA167} = {62231018-B134-47E7-ACE2-8D6CBF446226}
		{7B6536A7-6398-4136-BB10-EFD0F4C3601E} = {62231018-B134-47E7-ACE2-8D6CBF446226}
		{911D25C7-52BF-44F0-95B7-5C435D731A23} = {62231018-B134-47E7-ACE2-8D6CBF446226}
		{F13CCA93-BFD5-41D8-A149-CFB261782FD5} = {2654437E-67B1-4F9B-83A6-E1AD164AE4F8}
		{2602C695-D9F7-46CE-8C9A-412F78313201} = {2654437E-67B1-4F9B-83A6-E1AD164AE4F8}
		{CD79625B-D00A-4397-BED0-A2E704B06FE3} = {2654437E-67B1-4F9B-83A6-E1AD164AE4F8}
		{84E49DBD-2FBA-42BB-9216-BFA562BEF8BB} = {2654437E-67B1-4F9B-83A6-E1AD164AE4F8}
		{3CB89B06-7F78-447B-AD8F-0D5B8466676B} = {98DD7239-4110-4180-B53D-2F6C0D1AD0D4}
	EndGlobalSection
EndGlobal
